
Microsoft Visual Studio Solution File, Format Version 12.00
# Visual Studio 14
VisualStudioVersion = 14.0.23107.0
MinimumVisualStudioVersion = 10.0.40219.1
Project("{8BC9CEB8-8B4A-11D0-8D11-00A0C91BC942}") = "SummerTraining", "SummerTraining\SummerTraining.vcxproj", "{25744165-94DF-4D89-B988-BBCD89D4235F}"
EndProject
Project("{8BC9CEB8-8B4A-11D0-8D11-00A0C91BC942}") = "AmericanHeritage", "AmericanHeritage\AmericanHeritage.vcxproj", "{DEF875A0-F07B-49FC-AEE0-7FA436A41986}"
EndProject
Project("{8BC9CEB8-8B4A-11D0-8D11-00A0C91BC942}") = "EletricFence", "EletricFence\EletricFence.vcxproj", "{35BED714-8C3B-43D2-AEF5-8B7228B34A88}"
EndProject
Project("{8BC9CEB8-8B4A-11D0-8D11-00A0C91BC942}") = "RaucousRockers", "RaucousRockers\RaucousRockers.vcxproj", "{E791134B-F77F-4F6A-A28D-26CBBF13EB98}"
EndProject
Project("{8BC9CEB8-8B4A-11D0-8D11-00A0C91BC942}") = "BeefMcNuggets", "BeefMcNuggets\BeefMcNuggets.vcxproj", "{97C64067-751C-468A-B66B-0647BCD51695}"
EndProject
Project("{8BC9CEB8-8B4A-11D0-8D11-00A0C91BC942}") = "FenceLoops", "FenceLoops\FenceLoops.vcxproj", "{01299E14-D529-4750-8D36-30AE681D8333}"
EndProject
Project("{8BC9CEB8-8B4A-11D0-8D11-00A0C91BC942}") = "DrainageDitches", "DrainageDitches\DrainageDitches.vcxproj", "{82EE77E5-E7D6-4CED-BC1F-A5FCBC18D4C9}"
EndProject
Project("{8BC9CEB8-8B4A-11D0-8D11-00A0C91BC942}") = "PerfectStall", "PerfectStall\PerfectStall.vcxproj", "{52F41102-7244-4ED8-ACA4-842369EC8F8A}"
EndProject
Project("{8BC9CEB8-8B4A-11D0-8D11-00A0C91BC942}") = "JobProcessing", "Project1\Project1.vcxproj", "{872A83CB-97CA-4E6B-BF29-8B058550B991}"
EndProject
Project("{8BC9CEB8-8B4A-11D0-8D11-00A0C91BC942}") = "BuyLowBuyLower", "BuyLowBuyLower\BuyLowBuyLower.vcxproj", "{4BB175AE-A79B-479B-BA88-C150E00905D0}"
EndProject
Project("{8BC9CEB8-8B4A-11D0-8D11-00A0C91BC942}") = "StreetRace", "StreetRace\StreetRace.vcxproj", "{67F09561-F245-41ED-BED1-47021A848110}"
EndProject
Project("{8BC9CEB8-8B4A-11D0-8D11-00A0C91BC942}") = "LetterGame", "LetterGame\LetterGame.vcxproj", "{9B5DC40D-C59B-4E5F-B13E-8335B2498E9A}"
EndProject
Project("{8BC9CEB8-8B4A-11D0-8D11-00A0C91BC942}") = "ShuttlePuzzle", "ShuttlePuzzle\ShuttlePuzzle.vcxproj", "{CA8DE1EF-5CF1-4F84-8C31-F81678996FBE}"
EndProject
Project("{8BC9CEB8-8B4A-11D0-8D11-00A0C91BC942}") = "PollutantControl", "PollutantControl\PollutantControl.vcxproj", "{ACB86CC8-6370-4310-B6B3-A102EBE95142}"
EndProject
Project("{8BC9CEB8-8B4A-11D0-8D11-00A0C91BC942}") = "FrameUp", "FrameUp\FrameUp.vcxproj", "{C18379B9-D1BB-4D6A-A7DA-9D7313751D42}"
EndProject
Project("{8BC9CEB8-8B4A-11D0-8D11-00A0C91BC942}") = "FencingTheCows", "FencingTheCows\FencingTheCows.vcxproj", "{FD731230-857F-4281-8C23-379B7B713218}"
EndProject
Project("{8BC9CEB8-8B4A-11D0-8D11-00A0C91BC942}") = "FencingTheCows2", "FencingTheCows2\FencingTheCows2.vcxproj", "{D1DEFAE6-1FF0-41D4-BDBB-861F5C04DA04}"
EndProject
Global
	GlobalSection(SolutionConfigurationPlatforms) = preSolution
		Debug|x64 = Debug|x64
		Debug|x86 = Debug|x86
		Release|x64 = Release|x64
		Release|x86 = Release|x86
	EndGlobalSection
	GlobalSection(ProjectConfigurationPlatforms) = postSolution
		{25744165-94DF-4D89-B988-BBCD89D4235F}.Debug|x64.ActiveCfg = Debug|x64
		{25744165-94DF-4D89-B988-BBCD89D4235F}.Debug|x64.Build.0 = Debug|x64
		{25744165-94DF-4D89-B988-BBCD89D4235F}.Debug|x86.ActiveCfg = Debug|Win32
		{25744165-94DF-4D89-B988-BBCD89D4235F}.Debug|x86.Build.0 = Debug|Win32
		{25744165-94DF-4D89-B988-BBCD89D4235F}.Release|x64.ActiveCfg = Release|x64
		{25744165-94DF-4D89-B988-BBCD89D4235F}.Release|x64.Build.0 = Release|x64
		{25744165-94DF-4D89-B988-BBCD89D4235F}.Release|x86.ActiveCfg = Release|Win32
		{25744165-94DF-4D89-B988-BBCD89D4235F}.Release|x86.Build.0 = Release|Win32
		{DEF875A0-F07B-49FC-AEE0-7FA436A41986}.Debug|x64.ActiveCfg = Debug|x64
		{DEF875A0-F07B-49FC-AEE0-7FA436A41986}.Debug|x64.Build.0 = Debug|x64
		{DEF875A0-F07B-49FC-AEE0-7FA436A41986}.Debug|x86.ActiveCfg = Debug|Win32
		{DEF875A0-F07B-49FC-AEE0-7FA436A41986}.Debug|x86.Build.0 = Debug|Win32
		{DEF875A0-F07B-49FC-AEE0-7FA436A41986}.Release|x64.ActiveCfg = Release|x64
		{DEF875A0-F07B-49FC-AEE0-7FA436A41986}.Release|x64.Build.0 = Release|x64
		{DEF875A0-F07B-49FC-AEE0-7FA436A41986}.Release|x86.ActiveCfg = Release|Win32
		{DEF875A0-F07B-49FC-AEE0-7FA436A41986}.Release|x86.Build.0 = Release|Win32
		{35BED714-8C3B-43D2-AEF5-8B7228B34A88}.Debug|x64.ActiveCfg = Debug|x64
		{35BED714-8C3B-43D2-AEF5-8B7228B34A88}.Debug|x64.Build.0 = Debug|x64
		{35BED714-8C3B-43D2-AEF5-8B7228B34A88}.Debug|x86.ActiveCfg = Debug|Win32
		{35BED714-8C3B-43D2-AEF5-8B7228B34A88}.Debug|x86.Build.0 = Debug|Win32
		{35BED714-8C3B-43D2-AEF5-8B7228B34A88}.Release|x64.ActiveCfg = Release|x64
		{35BED714-8C3B-43D2-AEF5-8B7228B34A88}.Release|x64.Build.0 = Release|x64
		{35BED714-8C3B-43D2-AEF5-8B7228B34A88}.Release|x86.ActiveCfg = Release|Win32
		{35BED714-8C3B-43D2-AEF5-8B7228B34A88}.Release|x86.Build.0 = Release|Win32
		{E791134B-F77F-4F6A-A28D-26CBBF13EB98}.Debug|x64.ActiveCfg = Debug|x64
		{E791134B-F77F-4F6A-A28D-26CBBF13EB98}.Debug|x64.Build.0 = Debug|x64
		{E791134B-F77F-4F6A-A28D-26CBBF13EB98}.Debug|x86.ActiveCfg = Debug|Win32
		{E791134B-F77F-4F6A-A28D-26CBBF13EB98}.Debug|x86.Build.0 = Debug|Win32
		{E791134B-F77F-4F6A-A28D-26CBBF13EB98}.Release|x64.ActiveCfg = Release|x64
		{E791134B-F77F-4F6A-A28D-26CBBF13EB98}.Release|x64.Build.0 = Release|x64
		{E791134B-F77F-4F6A-A28D-26CBBF13EB98}.Release|x86.ActiveCfg = Release|Win32
		{E791134B-F77F-4F6A-A28D-26CBBF13EB98}.Release|x86.Build.0 = Release|Win32
		{97C64067-751C-468A-B66B-0647BCD51695}.Debug|x64.ActiveCfg = Debug|x64
		{97C64067-751C-468A-B66B-0647BCD51695}.Debug|x64.Build.0 = Debug|x64
		{97C64067-751C-468A-B66B-0647BCD51695}.Debug|x86.ActiveCfg = Debug|Win32
		{97C64067-751C-468A-B66B-0647BCD51695}.Debug|x86.Build.0 = Debug|Win32
		{97C64067-751C-468A-B66B-0647BCD51695}.Release|x64.ActiveCfg = Release|x64
		{97C64067-751C-468A-B66B-0647BCD51695}.Release|x64.Build.0 = Release|x64
		{97C64067-751C-468A-B66B-0647BCD51695}.Release|x86.ActiveCfg = Release|Win32
		{97C64067-751C-468A-B66B-0647BCD51695}.Release|x86.Build.0 = Release|Win32
		{01299E14-D529-4750-8D36-30AE681D8333}.Debug|x64.ActiveCfg = Debug|x64
		{01299E14-D529-4750-8D36-30AE681D8333}.Debug|x64.Build.0 = Debug|x64
		{01299E14-D529-4750-8D36-30AE681D8333}.Debug|x86.ActiveCfg = Debug|Win32
		{01299E14-D529-4750-8D36-30AE681D8333}.Debug|x86.Build.0 = Debug|Win32
		{01299E14-D529-4750-8D36-30AE681D8333}.Release|x64.ActiveCfg = Release|x64
		{01299E14-D529-4750-8D36-30AE681D8333}.Release|x64.Build.0 = Release|x64
		{01299E14-D529-4750-8D36-30AE681D8333}.Release|x86.ActiveCfg = Release|Win32
		{01299E14-D529-4750-8D36-30AE681D8333}.Release|x86.Build.0 = Release|Win32
		{82EE77E5-E7D6-4CED-BC1F-A5FCBC18D4C9}.Debug|x64.ActiveCfg = Debug|x64
		{82EE77E5-E7D6-4CED-BC1F-A5FCBC18D4C9}.Debug|x64.Build.0 = Debug|x64
		{82EE77E5-E7D6-4CED-BC1F-A5FCBC18D4C9}.Debug|x86.ActiveCfg = Debug|Win32
		{82EE77E5-E7D6-4CED-BC1F-A5FCBC18D4C9}.Debug|x86.Build.0 = Debug|Win32
		{82EE77E5-E7D6-4CED-BC1F-A5FCBC18D4C9}.Release|x64.ActiveCfg = Release|x64
		{82EE77E5-E7D6-4CED-BC1F-A5FCBC18D4C9}.Release|x64.Build.0 = Release|x64
		{82EE77E5-E7D6-4CED-BC1F-A5FCBC18D4C9}.Release|x86.ActiveCfg = Release|Win32
		{82EE77E5-E7D6-4CED-BC1F-A5FCBC18D4C9}.Release|x86.Build.0 = Release|Win32
		{52F41102-7244-4ED8-ACA4-842369EC8F8A}.Debug|x64.ActiveCfg = Debug|x64
		{52F41102-7244-4ED8-ACA4-842369EC8F8A}.Debug|x64.Build.0 = Debug|x64
		{52F41102-7244-4ED8-ACA4-842369EC8F8A}.Debug|x86.ActiveCfg = Debug|Win32
		{52F41102-7244-4ED8-ACA4-842369EC8F8A}.Debug|x86.Build.0 = Debug|Win32
		{52F41102-7244-4ED8-ACA4-842369EC8F8A}.Release|x64.ActiveCfg = Release|x64
		{52F41102-7244-4ED8-ACA4-842369EC8F8A}.Release|x64.Build.0 = Release|x64
		{52F41102-7244-4ED8-ACA4-842369EC8F8A}.Release|x86.ActiveCfg = Release|Win32
		{52F41102-7244-4ED8-ACA4-842369EC8F8A}.Release|x86.Build.0 = Release|Win32
		{872A83CB-97CA-4E6B-BF29-8B058550B991}.Debug|x64.ActiveCfg = Debug|x64
		{872A83CB-97CA-4E6B-BF29-8B058550B991}.Debug|x64.Build.0 = Debug|x64
		{872A83CB-97CA-4E6B-BF29-8B058550B991}.Debug|x86.ActiveCfg = Debug|Win32
		{872A83CB-97CA-4E6B-BF29-8B058550B991}.Debug|x86.Build.0 = Debug|Win32
		{872A83CB-97CA-4E6B-BF29-8B058550B991}.Release|x64.ActiveCfg = Release|x64
		{872A83CB-97CA-4E6B-BF29-8B058550B991}.Release|x64.Build.0 = Release|x64
		{872A83CB-97CA-4E6B-BF29-8B058550B991}.Release|x86.ActiveCfg = Release|Win32
		{872A83CB-97CA-4E6B-BF29-8B058550B991}.Release|x86.Build.0 = Release|Win32
		{4BB175AE-A79B-479B-BA88-C150E00905D0}.Debug|x64.ActiveCfg = Debug|x64
		{4BB175AE-A79B-479B-BA88-C150E00905D0}.Debug|x64.Build.0 = Debug|x64
		{4BB175AE-A79B-479B-BA88-C150E00905D0}.Debug|x86.ActiveCfg = Debug|Win32
		{4BB175AE-A79B-479B-BA88-C150E00905D0}.Debug|x86.Build.0 = Debug|Win32
		{4BB175AE-A79B-479B-BA88-C150E00905D0}.Release|x64.ActiveCfg = Release|x64
		{4BB175AE-A79B-479B-BA88-C150E00905D0}.Release|x64.Build.0 = Release|x64
		{4BB175AE-A79B-479B-BA88-C150E00905D0}.Release|x86.ActiveCfg = Release|Win32
		{4BB175AE-A79B-479B-BA88-C150E00905D0}.Release|x86.Build.0 = Release|Win32
		{67F09561-F245-41ED-BED1-47021A848110}.Debug|x64.ActiveCfg = Debug|x64
		{67F09561-F245-41ED-BED1-47021A848110}.Debug|x64.Build.0 = Debug|x64
		{67F09561-F245-41ED-BED1-47021A848110}.Debug|x86.ActiveCfg = Debug|Win32
		{67F09561-F245-41ED-BED1-47021A848110}.Debug|x86.Build.0 = Debug|Win32
		{67F09561-F245-41ED-BED1-47021A848110}.Release|x64.ActiveCfg = Release|x64
		{67F09561-F245-41ED-BED1-47021A848110}.Release|x64.Build.0 = Release|x64
		{67F09561-F245-41ED-BED1-47021A848110}.Release|x86.ActiveCfg = Release|Win32
		{67F09561-F245-41ED-BED1-47021A848110}.Release|x86.Build.0 = Release|Win32
		{9B5DC40D-C59B-4E5F-B13E-8335B2498E9A}.Debug|x64.ActiveCfg = Debug|x64
		{9B5DC40D-C59B-4E5F-B13E-8335B2498E9A}.Debug|x64.Build.0 = Debug|x64
		{9B5DC40D-C59B-4E5F-B13E-8335B2498E9A}.Debug|x86.ActiveCfg = Debug|Win32
		{9B5DC40D-C59B-4E5F-B13E-8335B2498E9A}.Debug|x86.Build.0 = Debug|Win32
		{9B5DC40D-C59B-4E5F-B13E-8335B2498E9A}.Release|x64.ActiveCfg = Release|x64
		{9B5DC40D-C59B-4E5F-B13E-8335B2498E9A}.Release|x64.Build.0 = Release|x64
		{9B5DC40D-C59B-4E5F-B13E-8335B2498E9A}.Release|x86.ActiveCfg = Release|Win32
		{9B5DC40D-C59B-4E5F-B13E-8335B2498E9A}.Release|x86.Build.0 = Release|Win32
		{CA8DE1EF-5CF1-4F84-8C31-F81678996FBE}.Debug|x64.ActiveCfg = Debug|x64
		{CA8DE1EF-5CF1-4F84-8C31-F81678996FBE}.Debug|x64.Build.0 = Debug|x64
		{CA8DE1EF-5CF1-4F84-8C31-F81678996FBE}.Debug|x86.ActiveCfg = Debug|Win32
		{CA8DE1EF-5CF1-4F84-8C31-F81678996FBE}.Debug|x86.Build.0 = Debug|Win32
		{CA8DE1EF-5CF1-4F84-8C31-F81678996FBE}.Release|x64.ActiveCfg = Release|x64
		{CA8DE1EF-5CF1-4F84-8C31-F81678996FBE}.Release|x64.Build.0 = Release|x64
		{CA8DE1EF-5CF1-4F84-8C31-F81678996FBE}.Release|x86.ActiveCfg = Release|Win32
		{CA8DE1EF-5CF1-4F84-8C31-F81678996FBE}.Release|x86.Build.0 = Release|Win32
		{ACB86CC8-6370-4310-B6B3-A102EBE95142}.Debug|x64.ActiveCfg = Debug|x64
		{ACB86CC8-6370-4310-B6B3-A102EBE95142}.Debug|x64.Build.0 = Debug|x64
		{ACB86CC8-6370-4310-B6B3-A102EBE95142}.Debug|x86.ActiveCfg = Debug|Win32
		{ACB86CC8-6370-4310-B6B3-A102EBE95142}.Debug|x86.Build.0 = Debug|Win32
		{ACB86CC8-6370-4310-B6B3-A102EBE95142}.Release|x64.ActiveCfg = Release|x64
		{ACB86CC8-6370-4310-B6B3-A102EBE95142}.Release|x64.Build.0 = Release|x64
		{ACB86CC8-6370-4310-B6B3-A102EBE95142}.Release|x86.ActiveCfg = Release|Win32
		{ACB86CC8-6370-4310-B6B3-A102EBE95142}.Release|x86.Build.0 = Release|Win32
		{C18379B9-D1BB-4D6A-A7DA-9D7313751D42}.Debug|x64.ActiveCfg = Debug|x64
		{C18379B9-D1BB-4D6A-A7DA-9D7313751D42}.Debug|x64.Build.0 = Debug|x64
		{C18379B9-D1BB-4D6A-A7DA-9D7313751D42}.Debug|x86.ActiveCfg = Debug|Win32
		{C18379B9-D1BB-4D6A-A7DA-9D7313751D42}.Debug|x86.Build.0 = Debug|Win32
		{C18379B9-D1BB-4D6A-A7DA-9D7313751D42}.Release|x64.ActiveCfg = Release|x64
		{C18379B9-D1BB-4D6A-A7DA-9D7313751D42}.Release|x64.Build.0 = Release|x64
		{C18379B9-D1BB-4D6A-A7DA-9D7313751D42}.Release|x86.ActiveCfg = Release|Win32
		{C18379B9-D1BB-4D6A-A7DA-9D7313751D42}.Release|x86.Build.0 = Release|Win32
		{FD731230-857F-4281-8C23-379B7B713218}.Debug|x64.ActiveCfg = Debug|x64
		{FD731230-857F-4281-8C23-379B7B713218}.Debug|x64.Build.0 = Debug|x64
		{FD731230-857F-4281-8C23-379B7B713218}.Debug|x86.ActiveCfg = Debug|Win32
		{FD731230-857F-4281-8C23-379B7B713218}.Debug|x86.Build.0 = Debug|Win32
		{FD731230-857F-4281-8C23-379B7B713218}.Release|x64.ActiveCfg = Release|x64
		{FD731230-857F-4281-8C23-379B7B713218}.Release|x64.Build.0 = Release|x64
		{FD731230-857F-4281-8C23-379B7B713218}.Release|x86.ActiveCfg = Release|Win32
		{FD731230-857F-4281-8C23-379B7B713218}.Release|x86.Build.0 = Release|Win32
		{D1DEFAE6-1FF0-41D4-BDBB-861F5C04DA04}.Debug|x64.ActiveCfg = Debug|x64
		{D1DEFAE6-1FF0-41D4-BDBB-861F5C04DA04}.Debug|x64.Build.0 = Debug|x64
		{D1DEFAE6-1FF0-41D4-BDBB-861F5C04DA04}.Debug|x86.ActiveCfg = Debug|Win32
		{D1DEFAE6-1FF0-41D4-BDBB-861F5C04DA04}.Debug|x86.Build.0 = Debug|Win32
		{D1DEFAE6-1FF0-41D4-BDBB-861F5C04DA04}.Release|x64.ActiveCfg = Release|x64
		{D1DEFAE6-1FF0-41D4-BDBB-861F5C04DA04}.Release|x64.Build.0 = Release|x64
		{D1DEFAE6-1FF0-41D4-BDBB-861F5C04DA04}.Release|x86.ActiveCfg = Release|Win32
		{D1DEFAE6-1FF0-41D4-BDBB-861F5C04DA04}.Release|x86.Build.0 = Release|Win32
	EndGlobalSection
	GlobalSection(SolutionProperties) = preSolution
		HideSolutionNode = FALSE
	EndGlobalSection
EndGlobal
