
Microsoft Visual Studio Solution File, Format Version 12.00
# Visual Studio 14
VisualStudioVersion = 14.0.23107.0
MinimumVisualStudioVersion = 10.0.40219.1
Project("{8BC9CEB8-8B4A-11D0-8D11-00A0C91BC942}") = "March2017Open", "March2017Open\March2017Open.vcxproj", "{080ECD5E-137E-46B2-B241-7780329495D4}"
EndProject
Project("{8BC9CEB8-8B4A-11D0-8D11-00A0C91BC942}") = "PairedUp", "PairedUp\PairedUp.vcxproj", "{7D73C6C9-E413-4FC1-8B3B-F232F89D9F03}"
EndProject
Project("{8BC9CEB8-8B4A-11D0-8D11-00A0C91BC942}") = "BovineGenomics", "BovineGenomics\BovineGenomics.vcxproj", "{E791C66C-00F6-485C-B4B0-8596F1261818}"
EndProject
Project("{8BC9CEB8-8B4A-11D0-8D11-00A0C91BC942}") = "WheresBessie", "WheresBessie\WheresBessie.vcxproj", "{5B600FD0-3B07-48B0-9CC4-32194835059A}"
EndProject
Project("{8BC9CEB8-8B4A-11D0-8D11-00A0C91BC942}") = "BovineGenomics2", "BovineGenomics2\BovineGenomics2.vcxproj", "{28D637F6-85FB-4311-9B3F-9A0976052CC8}"
EndProject
Project("{8BC9CEB8-8B4A-11D0-8D11-00A0C91BC942}") = "CountingSheep", "CountingSheep\CountingSheep.vcxproj", "{1C494B36-0D27-43C6-BAA0-C85E367DA1E5}"
EndProject
Project("{8BC9CEB8-8B4A-11D0-8D11-00A0C91BC942}") = "TheCastle", "TheCastle\TheCastle.vcxproj", "{48B3143A-60B5-414F-A711-AC4434383F0A}"
EndProject
Project("{8BC9CEB8-8B4A-11D0-8D11-00A0C91BC942}") = "OrderedFractions", "OrderedFractions\OrderedFractions.vcxproj", "{4C1744EB-A7AF-4490-A7A6-F7E9EDEC86BC}"
EndProject
Project("{8BC9CEB8-8B4A-11D0-8D11-00A0C91BC942}") = "SortingAThreeValuedSequence", "SortingAThreeValuedSequence\SortingAThreeValuedSequence.vcxproj", "{51FF0492-2AF5-4EDF-B706-4C27BD1A35EB}"
EndProject
Project("{8BC9CEB8-8B4A-11D0-8D11-00A0C91BC942}") = "HealthyHolsteins", "HealthyHolsteins\HealthyHolsteins.vcxproj", "{733EFF00-7522-4F29-A575-F3132E67A7B1}"
EndProject
Project("{8BC9CEB8-8B4A-11D0-8D11-00A0C91BC942}") = "HammingCodes", "HammingCodes\HammingCodes.vcxproj", "{C4CE8EA1-186D-449B-A162-618E257D5938}"
EndProject
Project("{8BC9CEB8-8B4A-11D0-8D11-00A0C91BC942}") = "PrefaceNumbering", "PrefaceNumbering\PrefaceNumbering.vcxproj", "{215A5BB1-1DEB-4405-AB24-F51087CCC2CB}"
EndProject
Project("{8BC9CEB8-8B4A-11D0-8D11-00A0C91BC942}") = "SubsetSums", "SubsetSums\SubsetSums.vcxproj", "{A11A1B08-CDEB-4B50-9E39-F2DFC634A1B3}"
EndProject
Project("{8BC9CEB8-8B4A-11D0-8D11-00A0C91BC942}") = "RunaroundNumbers", "RunaroundNumbers\RunaroundNumbers.vcxproj", "{7789D564-7366-41B0-A9C2-E9822F35C7A4}"
EndProject
Global
	GlobalSection(SolutionConfigurationPlatforms) = preSolution
		Debug|x64 = Debug|x64
		Debug|x86 = Debug|x86
		Release|x64 = Release|x64
		Release|x86 = Release|x86
	EndGlobalSection
	GlobalSection(ProjectConfigurationPlatforms) = postSolution
		{080ECD5E-137E-46B2-B241-7780329495D4}.Debug|x64.ActiveCfg = Debug|x64
		{080ECD5E-137E-46B2-B241-7780329495D4}.Debug|x64.Build.0 = Debug|x64
		{080ECD5E-137E-46B2-B241-7780329495D4}.Debug|x86.ActiveCfg = Debug|Win32
		{080ECD5E-137E-46B2-B241-7780329495D4}.Debug|x86.Build.0 = Debug|Win32
		{080ECD5E-137E-46B2-B241-7780329495D4}.Release|x64.ActiveCfg = Release|x64
		{080ECD5E-137E-46B2-B241-7780329495D4}.Release|x64.Build.0 = Release|x64
		{080ECD5E-137E-46B2-B241-7780329495D4}.Release|x86.ActiveCfg = Release|Win32
		{080ECD5E-137E-46B2-B241-7780329495D4}.Release|x86.Build.0 = Release|Win32
		{7D73C6C9-E413-4FC1-8B3B-F232F89D9F03}.Debug|x64.ActiveCfg = Debug|x64
		{7D73C6C9-E413-4FC1-8B3B-F232F89D9F03}.Debug|x64.Build.0 = Debug|x64
		{7D73C6C9-E413-4FC1-8B3B-F232F89D9F03}.Debug|x86.ActiveCfg = Debug|Win32
		{7D73C6C9-E413-4FC1-8B3B-F232F89D9F03}.Debug|x86.Build.0 = Debug|Win32
		{7D73C6C9-E413-4FC1-8B3B-F232F89D9F03}.Release|x64.ActiveCfg = Release|x64
		{7D73C6C9-E413-4FC1-8B3B-F232F89D9F03}.Release|x64.Build.0 = Release|x64
		{7D73C6C9-E413-4FC1-8B3B-F232F89D9F03}.Release|x86.ActiveCfg = Release|Win32
		{7D73C6C9-E413-4FC1-8B3B-F232F89D9F03}.Release|x86.Build.0 = Release|Win32
		{E791C66C-00F6-485C-B4B0-8596F1261818}.Debug|x64.ActiveCfg = Debug|x64
		{E791C66C-00F6-485C-B4B0-8596F1261818}.Debug|x64.Build.0 = Debug|x64
		{E791C66C-00F6-485C-B4B0-8596F1261818}.Debug|x86.ActiveCfg = Debug|Win32
		{E791C66C-00F6-485C-B4B0-8596F1261818}.Debug|x86.Build.0 = Debug|Win32
		{E791C66C-00F6-485C-B4B0-8596F1261818}.Release|x64.ActiveCfg = Release|x64
		{E791C66C-00F6-485C-B4B0-8596F1261818}.Release|x64.Build.0 = Release|x64
		{E791C66C-00F6-485C-B4B0-8596F1261818}.Release|x86.ActiveCfg = Release|Win32
		{E791C66C-00F6-485C-B4B0-8596F1261818}.Release|x86.Build.0 = Release|Win32
		{5B600FD0-3B07-48B0-9CC4-32194835059A}.Debug|x64.ActiveCfg = Debug|x64
		{5B600FD0-3B07-48B0-9CC4-32194835059A}.Debug|x64.Build.0 = Debug|x64
		{5B600FD0-3B07-48B0-9CC4-32194835059A}.Debug|x86.ActiveCfg = Debug|Win32
		{5B600FD0-3B07-48B0-9CC4-32194835059A}.Debug|x86.Build.0 = Debug|Win32
		{5B600FD0-3B07-48B0-9CC4-32194835059A}.Release|x64.ActiveCfg = Release|x64
		{5B600FD0-3B07-48B0-9CC4-32194835059A}.Release|x64.Build.0 = Release|x64
		{5B600FD0-3B07-48B0-9CC4-32194835059A}.Release|x86.ActiveCfg = Release|Win32
		{5B600FD0-3B07-48B0-9CC4-32194835059A}.Release|x86.Build.0 = Release|Win32
		{28D637F6-85FB-4311-9B3F-9A0976052CC8}.Debug|x64.ActiveCfg = Debug|x64
		{28D637F6-85FB-4311-9B3F-9A0976052CC8}.Debug|x64.Build.0 = Debug|x64
		{28D637F6-85FB-4311-9B3F-9A0976052CC8}.Debug|x86.ActiveCfg = Debug|Win32
		{28D637F6-85FB-4311-9B3F-9A0976052CC8}.Debug|x86.Build.0 = Debug|Win32
		{28D637F6-85FB-4311-9B3F-9A0976052CC8}.Release|x64.ActiveCfg = Release|x64
		{28D637F6-85FB-4311-9B3F-9A0976052CC8}.Release|x64.Build.0 = Release|x64
		{28D637F6-85FB-4311-9B3F-9A0976052CC8}.Release|x86.ActiveCfg = Release|Win32
		{28D637F6-85FB-4311-9B3F-9A0976052CC8}.Release|x86.Build.0 = Release|Win32
		{1C494B36-0D27-43C6-BAA0-C85E367DA1E5}.Debug|x64.ActiveCfg = Debug|x64
		{1C494B36-0D27-43C6-BAA0-C85E367DA1E5}.Debug|x64.Build.0 = Debug|x64
		{1C494B36-0D27-43C6-BAA0-C85E367DA1E5}.Debug|x86.ActiveCfg = Debug|Win32
		{1C494B36-0D27-43C6-BAA0-C85E367DA1E5}.Debug|x86.Build.0 = Debug|Win32
		{1C494B36-0D27-43C6-BAA0-C85E367DA1E5}.Release|x64.ActiveCfg = Release|x64
		{1C494B36-0D27-43C6-BAA0-C85E367DA1E5}.Release|x64.Build.0 = Release|x64
		{1C494B36-0D27-43C6-BAA0-C85E367DA1E5}.Release|x86.ActiveCfg = Release|Win32
		{1C494B36-0D27-43C6-BAA0-C85E367DA1E5}.Release|x86.Build.0 = Release|Win32
		{48B3143A-60B5-414F-A711-AC4434383F0A}.Debug|x64.ActiveCfg = Debug|x64
		{48B3143A-60B5-414F-A711-AC4434383F0A}.Debug|x64.Build.0 = Debug|x64
		{48B3143A-60B5-414F-A711-AC4434383F0A}.Debug|x86.ActiveCfg = Debug|Win32
		{48B3143A-60B5-414F-A711-AC4434383F0A}.Debug|x86.Build.0 = Debug|Win32
		{48B3143A-60B5-414F-A711-AC4434383F0A}.Release|x64.ActiveCfg = Release|x64
		{48B3143A-60B5-414F-A711-AC4434383F0A}.Release|x64.Build.0 = Release|x64
		{48B3143A-60B5-414F-A711-AC4434383F0A}.Release|x86.ActiveCfg = Release|Win32
		{48B3143A-60B5-414F-A711-AC4434383F0A}.Release|x86.Build.0 = Release|Win32
		{4C1744EB-A7AF-4490-A7A6-F7E9EDEC86BC}.Debug|x64.ActiveCfg = Debug|x64
		{4C1744EB-A7AF-4490-A7A6-F7E9EDEC86BC}.Debug|x64.Build.0 = Debug|x64
		{4C1744EB-A7AF-4490-A7A6-F7E9EDEC86BC}.Debug|x86.ActiveCfg = Debug|Win32
		{4C1744EB-A7AF-4490-A7A6-F7E9EDEC86BC}.Debug|x86.Build.0 = Debug|Win32
		{4C1744EB-A7AF-4490-A7A6-F7E9EDEC86BC}.Release|x64.ActiveCfg = Release|x64
		{4C1744EB-A7AF-4490-A7A6-F7E9EDEC86BC}.Release|x64.Build.0 = Release|x64
		{4C1744EB-A7AF-4490-A7A6-F7E9EDEC86BC}.Release|x86.ActiveCfg = Release|Win32
		{4C1744EB-A7AF-4490-A7A6-F7E9EDEC86BC}.Release|x86.Build.0 = Release|Win32
		{51FF0492-2AF5-4EDF-B706-4C27BD1A35EB}.Debug|x64.ActiveCfg = Debug|x64
		{51FF0492-2AF5-4EDF-B706-4C27BD1A35EB}.Debug|x64.Build.0 = Debug|x64
		{51FF0492-2AF5-4EDF-B706-4C27BD1A35EB}.Debug|x86.ActiveCfg = Debug|Win32
		{51FF0492-2AF5-4EDF-B706-4C27BD1A35EB}.Debug|x86.Build.0 = Debug|Win32
		{51FF0492-2AF5-4EDF-B706-4C27BD1A35EB}.Release|x64.ActiveCfg = Release|x64
		{51FF0492-2AF5-4EDF-B706-4C27BD1A35EB}.Release|x64.Build.0 = Release|x64
		{51FF0492-2AF5-4EDF-B706-4C27BD1A35EB}.Release|x86.ActiveCfg = Release|Win32
		{51FF0492-2AF5-4EDF-B706-4C27BD1A35EB}.Release|x86.Build.0 = Release|Win32
		{733EFF00-7522-4F29-A575-F3132E67A7B1}.Debug|x64.ActiveCfg = Debug|x64
		{733EFF00-7522-4F29-A575-F3132E67A7B1}.Debug|x64.Build.0 = Debug|x64
		{733EFF00-7522-4F29-A575-F3132E67A7B1}.Debug|x86.ActiveCfg = Debug|Win32
		{733EFF00-7522-4F29-A575-F3132E67A7B1}.Debug|x86.Build.0 = Debug|Win32
		{733EFF00-7522-4F29-A575-F3132E67A7B1}.Release|x64.ActiveCfg = Release|x64
		{733EFF00-7522-4F29-A575-F3132E67A7B1}.Release|x64.Build.0 = Release|x64
		{733EFF00-7522-4F29-A575-F3132E67A7B1}.Release|x86.ActiveCfg = Release|Win32
		{733EFF00-7522-4F29-A575-F3132E67A7B1}.Release|x86.Build.0 = Release|Win32
		{C4CE8EA1-186D-449B-A162-618E257D5938}.Debug|x64.ActiveCfg = Debug|x64
		{C4CE8EA1-186D-449B-A162-618E257D5938}.Debug|x64.Build.0 = Debug|x64
		{C4CE8EA1-186D-449B-A162-618E257D5938}.Debug|x86.ActiveCfg = Debug|Win32
		{C4CE8EA1-186D-449B-A162-618E257D5938}.Debug|x86.Build.0 = Debug|Win32
		{C4CE8EA1-186D-449B-A162-618E257D5938}.Release|x64.ActiveCfg = Release|x64
		{C4CE8EA1-186D-449B-A162-618E257D5938}.Release|x64.Build.0 = Release|x64
		{C4CE8EA1-186D-449B-A162-618E257D5938}.Release|x86.ActiveCfg = Release|Win32
		{C4CE8EA1-186D-449B-A162-618E257D5938}.Release|x86.Build.0 = Release|Win32
		{215A5BB1-1DEB-4405-AB24-F51087CCC2CB}.Debug|x64.ActiveCfg = Debug|x64
		{215A5BB1-1DEB-4405-AB24-F51087CCC2CB}.Debug|x64.Build.0 = Debug|x64
		{215A5BB1-1DEB-4405-AB24-F51087CCC2CB}.Debug|x86.ActiveCfg = Debug|Win32
		{215A5BB1-1DEB-4405-AB24-F51087CCC2CB}.Debug|x86.Build.0 = Debug|Win32
		{215A5BB1-1DEB-4405-AB24-F51087CCC2CB}.Release|x64.ActiveCfg = Release|x64
		{215A5BB1-1DEB-4405-AB24-F51087CCC2CB}.Release|x64.Build.0 = Release|x64
		{215A5BB1-1DEB-4405-AB24-F51087CCC2CB}.Release|x86.ActiveCfg = Release|Win32
		{215A5BB1-1DEB-4405-AB24-F51087CCC2CB}.Release|x86.Build.0 = Release|Win32
		{A11A1B08-CDEB-4B50-9E39-F2DFC634A1B3}.Debug|x64.ActiveCfg = Debug|x64
		{A11A1B08-CDEB-4B50-9E39-F2DFC634A1B3}.Debug|x64.Build.0 = Debug|x64
		{A11A1B08-CDEB-4B50-9E39-F2DFC634A1B3}.Debug|x86.ActiveCfg = Debug|Win32
		{A11A1B08-CDEB-4B50-9E39-F2DFC634A1B3}.Debug|x86.Build.0 = Debug|Win32
		{A11A1B08-CDEB-4B50-9E39-F2DFC634A1B3}.Release|x64.ActiveCfg = Release|x64
		{A11A1B08-CDEB-4B50-9E39-F2DFC634A1B3}.Release|x64.Build.0 = Release|x64
		{A11A1B08-CDEB-4B50-9E39-F2DFC634A1B3}.Release|x86.ActiveCfg = Release|Win32
		{A11A1B08-CDEB-4B50-9E39-F2DFC634A1B3}.Release|x86.Build.0 = Release|Win32
		{7789D564-7366-41B0-A9C2-E9822F35C7A4}.Debug|x64.ActiveCfg = Debug|x64
		{7789D564-7366-41B0-A9C2-E9822F35C7A4}.Debug|x64.Build.0 = Debug|x64
		{7789D564-7366-41B0-A9C2-E9822F35C7A4}.Debug|x86.ActiveCfg = Debug|Win32
		{7789D564-7366-41B0-A9C2-E9822F35C7A4}.Debug|x86.Build.0 = Debug|Win32
		{7789D564-7366-41B0-A9C2-E9822F35C7A4}.Release|x64.ActiveCfg = Release|x64
		{7789D564-7366-41B0-A9C2-E9822F35C7A4}.Release|x64.Build.0 = Release|x64
		{7789D564-7366-41B0-A9C2-E9822F35C7A4}.Release|x86.ActiveCfg = Release|Win32
		{7789D564-7366-41B0-A9C2-E9822F35C7A4}.Release|x86.Build.0 = Release|Win32
	EndGlobalSection
	GlobalSection(SolutionProperties) = preSolution
		HideSolutionNode = FALSE
	EndGlobalSection
EndGlobal
