
Microsoft Visual Studio Solution File, Format Version 12.00
# Visual Studio 14
VisualStudioVersion = 14.0.23107.0
MinimumVisualStudioVersion = 10.0.40219.1
Project("{8BC9CEB8-8B4A-11D0-8D11-00A0C91BC942}") = "March2017Open", "March2017Open\March2017Open.vcxproj", "{080ECD5E-137E-46B2-B241-7780329495D4}"
EndProject
Project("{8BC9CEB8-8B4A-11D0-8D11-00A0C91BC942}") = "PairedUp", "PairedUp\PairedUp.vcxproj", "{7D73C6C9-E413-4FC1-8B3B-F232F89D9F03}"
EndProject
Project("{8BC9CEB8-8B4A-11D0-8D11-00A0C91BC942}") = "BovineGenomics", "BovineGenomics\BovineGenomics.vcxproj", "{E791C66C-00F6-485C-B4B0-8596F1261818}"
EndProject
Project("{8BC9CEB8-8B4A-11D0-8D11-00A0C91BC942}") = "WheresBessie", "WheresBessie\WheresBessie.vcxproj", "{5B600FD0-3B07-48B0-9CC4-32194835059A}"
EndProject
Project("{8BC9CEB8-8B4A-11D0-8D11-00A0C91BC942}") = "BovineGenomics2", "BovineGenomics2\BovineGenomics2.vcxproj", "{28D637F6-85FB-4311-9B3F-9A0976052CC8}"
EndProject
Project("{8BC9CEB8-8B4A-11D0-8D11-00A0C91BC942}") = "CountingSheep", "CountingSheep\CountingSheep.vcxproj", "{1C494B36-0D27-43C6-BAA0-C85E367DA1E5}"
EndProject
Project("{8BC9CEB8-8B4A-11D0-8D11-00A0C91BC942}") = "TheCastle", "TheCastle\TheCastle.vcxproj", "{48B3143A-60B5-414F-A711-AC4434383F0A}"
EndProject
Project("{8BC9CEB8-8B4A-11D0-8D11-00A0C91BC942}") = "OrderedFractions", "OrderedFractions\OrderedFractions.vcxproj", "{4C1744EB-A7AF-4490-A7A6-F7E9EDEC86BC}"
EndProject
Project("{8BC9CEB8-8B4A-11D0-8D11-00A0C91BC942}") = "SortingAThreeValuedSequence", "SortingAThreeValuedSequence\SortingAThreeValuedSequence.vcxproj", "{51FF0492-2AF5-4EDF-B706-4C27BD1A35EB}"
EndProject
Project("{8BC9CEB8-8B4A-11D0-8D11-00A0C91BC942}") = "HealthyHolsteins", "HealthyHolsteins\HealthyHolsteins.vcxproj", "{733EFF00-7522-4F29-A575-F3132E67A7B1}"
EndProject
Project("{8BC9CEB8-8B4A-11D0-8D11-00A0C91BC942}") = "HammingCodes", "HammingCodes\HammingCodes.vcxproj", "{C4CE8EA1-186D-449B-A162-618E257D5938}"
EndProject
Project("{8BC9CEB8-8B4A-11D0-8D11-00A0C91BC942}") = "PrefaceNumbering", "PrefaceNumbering\PrefaceNumbering.vcxproj", "{215A5BB1-1DEB-4405-AB24-F51087CCC2CB}"
EndProject
Project("{8BC9CEB8-8B4A-11D0-8D11-00A0C91BC942}") = "SubsetSums", "SubsetSums\SubsetSums.vcxproj", "{A11A1B08-CDEB-4B50-9E39-F2DFC634A1B3}"
EndProject
Project("{8BC9CEB8-8B4A-11D0-8D11-00A0C91BC942}") = "RunaroundNumbers", "RunaroundNumbers\RunaroundNumbers.vcxproj", "{7789D564-7366-41B0-A9C2-E9822F35C7A4}"
EndProject
Project("{8BC9CEB8-8B4A-11D0-8D11-00A0C91BC942}") = "PartyLamps", "PartyLamps\PartyLamps.vcxproj", "{846F1BF7-3A68-415A-9EB6-001878E9F223}"
EndProject
Project("{8BC9CEB8-8B4A-11D0-8D11-00A0C91BC942}") = "OversizedPancakeFlipper", "OversizedPancakeFlipper\OversizedPancakeFlipper.vcxproj", "{CA751126-AEBF-46FC-8CAC-D96861E8A268}"
EndProject
Project("{8BC9CEB8-8B4A-11D0-8D11-00A0C91BC942}") = "TidyNumbers", "TidyNumbers\TidyNumbers.vcxproj", "{4BAE1177-5827-4BE3-9DDA-5A107432B1F3}"
EndProject
Project("{8BC9CEB8-8B4A-11D0-8D11-00A0C91BC942}") = "LongestPrefix", "LongestPrefix\LongestPrefix.vcxproj", "{48F94B7B-3F89-4987-8AA8-4C500287217D}"
EndProject
Project("{8BC9CEB8-8B4A-11D0-8D11-00A0C91BC942}") = "CowPedigrees", "CowPedigrees\CowPedigrees.vcxproj", "{68271685-4BE4-4DD4-ABF1-C448D74B1AF4}"
EndProject
Project("{8BC9CEB8-8B4A-11D0-8D11-00A0C91BC942}") = "ZeroSum", "ZeroSum\ZeroSum.vcxproj", "{6288091E-20CF-4FC8-A683-39DF80839792}"
EndProject
Project("{8BC9CEB8-8B4A-11D0-8D11-00A0C91BC942}") = "MoneySystems", "MoneySystems\MoneySystems.vcxproj", "{458038D2-41F5-45DE-BCC8-4CD9466F06A6}"
EndProject
Project("{8BC9CEB8-8B4A-11D0-8D11-00A0C91BC942}") = "ControllingCompanies", "ControllingCompanies\ControllingCompanies.vcxproj", "{EF481003-BABD-4CF3-A0F4-E4A4E093B554}"
EndProject
Project("{8BC9CEB8-8B4A-11D0-8D11-00A0C91BC942}") = "TamworthTwo", "TamworthTwo\TamworthTwo.vcxproj", "{9B480590-A793-45A0-B30D-9995F81C0BBA}"
EndProject
Project("{8BC9CEB8-8B4A-11D0-8D11-00A0C91BC942}") = "Overfencing", "Overfencing\Overfencing.vcxproj", "{1CEEB692-825E-4224-8A03-44F153F16AD5}"
EndProject
Project("{8BC9CEB8-8B4A-11D0-8D11-00A0C91BC942}") = "CowTours", "CowTours\CowTours.vcxproj", "{92340A46-E2BD-42D9-9EE9-D598A8B74C9D}"
EndProject
Project("{8BC9CEB8-8B4A-11D0-8D11-00A0C91BC942}") = "PonyExpress", "PonyExpress\PonyExpress.vcxproj", "{28DC7B32-6128-4EF0-B844-3468DDDAA3B2}"
EndProject
Project("{8BC9CEB8-8B4A-11D0-8D11-00A0C91BC942}") = "BessieComeHome", "BessieComeHome\BessieComeHome.vcxproj", "{BFBBD772-6771-4DA0-8818-1FCAEFE4D048}"
EndProject
Project("{8BC9CEB8-8B4A-11D0-8D11-00A0C91BC942}") = "FractionsToDecimals", "FractionsToDecimals\FractionsToDecimals.vcxproj", "{3DAD1D3B-BF95-4C11-B813-B8F978F83584}"
EndProject
Project("{8BC9CEB8-8B4A-11D0-8D11-00A0C91BC942}") = "Agri-Net", "Agri-Net\Agri-Net.vcxproj", "{688DD911-EBD6-4223-A7BA-41F9F8776846}"
EndProject
Project("{8BC9CEB8-8B4A-11D0-8D11-00A0C91BC942}") = "ScoreInflation", "ScoreInflation\ScoreInflation.vcxproj", "{8F989CD1-BB53-48A3-AA33-2885FD2900D5}"
EndProject
Project("{8BC9CEB8-8B4A-11D0-8D11-00A0C91BC942}") = "HumbleNumbers", "HumbleNumbers\HumbleNumbers.vcxproj", "{0750ECEA-2C23-4BCA-823B-F177378B6CB5}"
EndProject
Project("{8BC9CEB8-8B4A-11D0-8D11-00A0C91BC942}") = "Contact", "Contact\Contact.vcxproj", "{EE21E89B-0DBC-48A1-9FE6-FDC99FF88523}"
EndProject
Project("{8BC9CEB8-8B4A-11D0-8D11-00A0C91BC942}") = "Stamps", "Stamps\Stamps.vcxproj", "{D9F28D07-F16C-425E-B119-1A5236E4B234}"
EndProject
Project("{8BC9CEB8-8B4A-11D0-8D11-00A0C91BC942}") = "Factorials", "Factorials\Factorials.vcxproj", "{87EE3379-2D3B-460F-9FBB-D82A92150C76}"
EndProject
Project("{8BC9CEB8-8B4A-11D0-8D11-00A0C91BC942}") = "Stringsobits", "Stringsobits\Stringsobits.vcxproj", "{5F06FE32-762F-45BE-B912-EEB654455726}"
EndProject
Project("{8BC9CEB8-8B4A-11D0-8D11-00A0C91BC942}") = "SpinningWheels", "SpinningWheels\SpinningWheels.vcxproj", "{5BF02E60-D517-4B32-8B10-1569BB8871A2}"
EndProject
Global
	GlobalSection(SolutionConfigurationPlatforms) = preSolution
		Debug|x64 = Debug|x64
		Debug|x86 = Debug|x86
		Release|x64 = Release|x64
		Release|x86 = Release|x86
	EndGlobalSection
	GlobalSection(ProjectConfigurationPlatforms) = postSolution
		{080ECD5E-137E-46B2-B241-7780329495D4}.Debug|x64.ActiveCfg = Debug|x64
		{080ECD5E-137E-46B2-B241-7780329495D4}.Debug|x64.Build.0 = Debug|x64
		{080ECD5E-137E-46B2-B241-7780329495D4}.Debug|x86.ActiveCfg = Debug|Win32
		{080ECD5E-137E-46B2-B241-7780329495D4}.Debug|x86.Build.0 = Debug|Win32
		{080ECD5E-137E-46B2-B241-7780329495D4}.Release|x64.ActiveCfg = Release|x64
		{080ECD5E-137E-46B2-B241-7780329495D4}.Release|x64.Build.0 = Release|x64
		{080ECD5E-137E-46B2-B241-7780329495D4}.Release|x86.ActiveCfg = Release|Win32
		{080ECD5E-137E-46B2-B241-7780329495D4}.Release|x86.Build.0 = Release|Win32
		{7D73C6C9-E413-4FC1-8B3B-F232F89D9F03}.Debug|x64.ActiveCfg = Debug|x64
		{7D73C6C9-E413-4FC1-8B3B-F232F89D9F03}.Debug|x64.Build.0 = Debug|x64
		{7D73C6C9-E413-4FC1-8B3B-F232F89D9F03}.Debug|x86.ActiveCfg = Debug|Win32
		{7D73C6C9-E413-4FC1-8B3B-F232F89D9F03}.Debug|x86.Build.0 = Debug|Win32
		{7D73C6C9-E413-4FC1-8B3B-F232F89D9F03}.Release|x64.ActiveCfg = Release|x64
		{7D73C6C9-E413-4FC1-8B3B-F232F89D9F03}.Release|x64.Build.0 = Release|x64
		{7D73C6C9-E413-4FC1-8B3B-F232F89D9F03}.Release|x86.ActiveCfg = Release|Win32
		{7D73C6C9-E413-4FC1-8B3B-F232F89D9F03}.Release|x86.Build.0 = Release|Win32
		{E791C66C-00F6-485C-B4B0-8596F1261818}.Debug|x64.ActiveCfg = Debug|x64
		{E791C66C-00F6-485C-B4B0-8596F1261818}.Debug|x64.Build.0 = Debug|x64
		{E791C66C-00F6-485C-B4B0-8596F1261818}.Debug|x86.ActiveCfg = Debug|Win32
		{E791C66C-00F6-485C-B4B0-8596F1261818}.Debug|x86.Build.0 = Debug|Win32
		{E791C66C-00F6-485C-B4B0-8596F1261818}.Release|x64.ActiveCfg = Release|x64
		{E791C66C-00F6-485C-B4B0-8596F1261818}.Release|x64.Build.0 = Release|x64
		{E791C66C-00F6-485C-B4B0-8596F1261818}.Release|x86.ActiveCfg = Release|Win32
		{E791C66C-00F6-485C-B4B0-8596F1261818}.Release|x86.Build.0 = Release|Win32
		{5B600FD0-3B07-48B0-9CC4-32194835059A}.Debug|x64.ActiveCfg = Debug|x64
		{5B600FD0-3B07-48B0-9CC4-32194835059A}.Debug|x64.Build.0 = Debug|x64
		{5B600FD0-3B07-48B0-9CC4-32194835059A}.Debug|x86.ActiveCfg = Debug|Win32
		{5B600FD0-3B07-48B0-9CC4-32194835059A}.Debug|x86.Build.0 = Debug|Win32
		{5B600FD0-3B07-48B0-9CC4-32194835059A}.Release|x64.ActiveCfg = Release|x64
		{5B600FD0-3B07-48B0-9CC4-32194835059A}.Release|x64.Build.0 = Release|x64
		{5B600FD0-3B07-48B0-9CC4-32194835059A}.Release|x86.ActiveCfg = Release|Win32
		{5B600FD0-3B07-48B0-9CC4-32194835059A}.Release|x86.Build.0 = Release|Win32
		{28D637F6-85FB-4311-9B3F-9A0976052CC8}.Debug|x64.ActiveCfg = Debug|x64
		{28D637F6-85FB-4311-9B3F-9A0976052CC8}.Debug|x64.Build.0 = Debug|x64
		{28D637F6-85FB-4311-9B3F-9A0976052CC8}.Debug|x86.ActiveCfg = Debug|Win32
		{28D637F6-85FB-4311-9B3F-9A0976052CC8}.Debug|x86.Build.0 = Debug|Win32
		{28D637F6-85FB-4311-9B3F-9A0976052CC8}.Release|x64.ActiveCfg = Release|x64
		{28D637F6-85FB-4311-9B3F-9A0976052CC8}.Release|x64.Build.0 = Release|x64
		{28D637F6-85FB-4311-9B3F-9A0976052CC8}.Release|x86.ActiveCfg = Release|Win32
		{28D637F6-85FB-4311-9B3F-9A0976052CC8}.Release|x86.Build.0 = Release|Win32
		{1C494B36-0D27-43C6-BAA0-C85E367DA1E5}.Debug|x64.ActiveCfg = Debug|x64
		{1C494B36-0D27-43C6-BAA0-C85E367DA1E5}.Debug|x64.Build.0 = Debug|x64
		{1C494B36-0D27-43C6-BAA0-C85E367DA1E5}.Debug|x86.ActiveCfg = Debug|Win32
		{1C494B36-0D27-43C6-BAA0-C85E367DA1E5}.Debug|x86.Build.0 = Debug|Win32
		{1C494B36-0D27-43C6-BAA0-C85E367DA1E5}.Release|x64.ActiveCfg = Release|x64
		{1C494B36-0D27-43C6-BAA0-C85E367DA1E5}.Release|x64.Build.0 = Release|x64
		{1C494B36-0D27-43C6-BAA0-C85E367DA1E5}.Release|x86.ActiveCfg = Release|Win32
		{1C494B36-0D27-43C6-BAA0-C85E367DA1E5}.Release|x86.Build.0 = Release|Win32
		{48B3143A-60B5-414F-A711-AC4434383F0A}.Debug|x64.ActiveCfg = Debug|x64
		{48B3143A-60B5-414F-A711-AC4434383F0A}.Debug|x64.Build.0 = Debug|x64
		{48B3143A-60B5-414F-A711-AC4434383F0A}.Debug|x86.ActiveCfg = Debug|Win32
		{48B3143A-60B5-414F-A711-AC4434383F0A}.Debug|x86.Build.0 = Debug|Win32
		{48B3143A-60B5-414F-A711-AC4434383F0A}.Release|x64.ActiveCfg = Release|x64
		{48B3143A-60B5-414F-A711-AC4434383F0A}.Release|x64.Build.0 = Release|x64
		{48B3143A-60B5-414F-A711-AC4434383F0A}.Release|x86.ActiveCfg = Release|Win32
		{48B3143A-60B5-414F-A711-AC4434383F0A}.Release|x86.Build.0 = Release|Win32
		{4C1744EB-A7AF-4490-A7A6-F7E9EDEC86BC}.Debug|x64.ActiveCfg = Debug|x64
		{4C1744EB-A7AF-4490-A7A6-F7E9EDEC86BC}.Debug|x64.Build.0 = Debug|x64
		{4C1744EB-A7AF-4490-A7A6-F7E9EDEC86BC}.Debug|x86.ActiveCfg = Debug|Win32
		{4C1744EB-A7AF-4490-A7A6-F7E9EDEC86BC}.Debug|x86.Build.0 = Debug|Win32
		{4C1744EB-A7AF-4490-A7A6-F7E9EDEC86BC}.Release|x64.ActiveCfg = Release|x64
		{4C1744EB-A7AF-4490-A7A6-F7E9EDEC86BC}.Release|x64.Build.0 = Release|x64
		{4C1744EB-A7AF-4490-A7A6-F7E9EDEC86BC}.Release|x86.ActiveCfg = Release|Win32
		{4C1744EB-A7AF-4490-A7A6-F7E9EDEC86BC}.Release|x86.Build.0 = Release|Win32
		{51FF0492-2AF5-4EDF-B706-4C27BD1A35EB}.Debug|x64.ActiveCfg = Debug|x64
		{51FF0492-2AF5-4EDF-B706-4C27BD1A35EB}.Debug|x64.Build.0 = Debug|x64
		{51FF0492-2AF5-4EDF-B706-4C27BD1A35EB}.Debug|x86.ActiveCfg = Debug|Win32
		{51FF0492-2AF5-4EDF-B706-4C27BD1A35EB}.Debug|x86.Build.0 = Debug|Win32
		{51FF0492-2AF5-4EDF-B706-4C27BD1A35EB}.Release|x64.ActiveCfg = Release|x64
		{51FF0492-2AF5-4EDF-B706-4C27BD1A35EB}.Release|x64.Build.0 = Release|x64
		{51FF0492-2AF5-4EDF-B706-4C27BD1A35EB}.Release|x86.ActiveCfg = Release|Win32
		{51FF0492-2AF5-4EDF-B706-4C27BD1A35EB}.Release|x86.Build.0 = Release|Win32
		{733EFF00-7522-4F29-A575-F3132E67A7B1}.Debug|x64.ActiveCfg = Debug|x64
		{733EFF00-7522-4F29-A575-F3132E67A7B1}.Debug|x64.Build.0 = Debug|x64
		{733EFF00-7522-4F29-A575-F3132E67A7B1}.Debug|x86.ActiveCfg = Debug|Win32
		{733EFF00-7522-4F29-A575-F3132E67A7B1}.Debug|x86.Build.0 = Debug|Win32
		{733EFF00-7522-4F29-A575-F3132E67A7B1}.Release|x64.ActiveCfg = Release|x64
		{733EFF00-7522-4F29-A575-F3132E67A7B1}.Release|x64.Build.0 = Release|x64
		{733EFF00-7522-4F29-A575-F3132E67A7B1}.Release|x86.ActiveCfg = Release|Win32
		{733EFF00-7522-4F29-A575-F3132E67A7B1}.Release|x86.Build.0 = Release|Win32
		{C4CE8EA1-186D-449B-A162-618E257D5938}.Debug|x64.ActiveCfg = Debug|x64
		{C4CE8EA1-186D-449B-A162-618E257D5938}.Debug|x64.Build.0 = Debug|x64
		{C4CE8EA1-186D-449B-A162-618E257D5938}.Debug|x86.ActiveCfg = Debug|Win32
		{C4CE8EA1-186D-449B-A162-618E257D5938}.Debug|x86.Build.0 = Debug|Win32
		{C4CE8EA1-186D-449B-A162-618E257D5938}.Release|x64.ActiveCfg = Release|x64
		{C4CE8EA1-186D-449B-A162-618E257D5938}.Release|x64.Build.0 = Release|x64
		{C4CE8EA1-186D-449B-A162-618E257D5938}.Release|x86.ActiveCfg = Release|Win32
		{C4CE8EA1-186D-449B-A162-618E257D5938}.Release|x86.Build.0 = Release|Win32
		{215A5BB1-1DEB-4405-AB24-F51087CCC2CB}.Debug|x64.ActiveCfg = Debug|x64
		{215A5BB1-1DEB-4405-AB24-F51087CCC2CB}.Debug|x64.Build.0 = Debug|x64
		{215A5BB1-1DEB-4405-AB24-F51087CCC2CB}.Debug|x86.ActiveCfg = Debug|Win32
		{215A5BB1-1DEB-4405-AB24-F51087CCC2CB}.Debug|x86.Build.0 = Debug|Win32
		{215A5BB1-1DEB-4405-AB24-F51087CCC2CB}.Release|x64.ActiveCfg = Release|x64
		{215A5BB1-1DEB-4405-AB24-F51087CCC2CB}.Release|x64.Build.0 = Release|x64
		{215A5BB1-1DEB-4405-AB24-F51087CCC2CB}.Release|x86.ActiveCfg = Release|Win32
		{215A5BB1-1DEB-4405-AB24-F51087CCC2CB}.Release|x86.Build.0 = Release|Win32
		{A11A1B08-CDEB-4B50-9E39-F2DFC634A1B3}.Debug|x64.ActiveCfg = Debug|x64
		{A11A1B08-CDEB-4B50-9E39-F2DFC634A1B3}.Debug|x64.Build.0 = Debug|x64
		{A11A1B08-CDEB-4B50-9E39-F2DFC634A1B3}.Debug|x86.ActiveCfg = Debug|Win32
		{A11A1B08-CDEB-4B50-9E39-F2DFC634A1B3}.Debug|x86.Build.0 = Debug|Win32
		{A11A1B08-CDEB-4B50-9E39-F2DFC634A1B3}.Release|x64.ActiveCfg = Release|x64
		{A11A1B08-CDEB-4B50-9E39-F2DFC634A1B3}.Release|x64.Build.0 = Release|x64
		{A11A1B08-CDEB-4B50-9E39-F2DFC634A1B3}.Release|x86.ActiveCfg = Release|Win32
		{A11A1B08-CDEB-4B50-9E39-F2DFC634A1B3}.Release|x86.Build.0 = Release|Win32
		{7789D564-7366-41B0-A9C2-E9822F35C7A4}.Debug|x64.ActiveCfg = Debug|x64
		{7789D564-7366-41B0-A9C2-E9822F35C7A4}.Debug|x64.Build.0 = Debug|x64
		{7789D564-7366-41B0-A9C2-E9822F35C7A4}.Debug|x86.ActiveCfg = Debug|Win32
		{7789D564-7366-41B0-A9C2-E9822F35C7A4}.Debug|x86.Build.0 = Debug|Win32
		{7789D564-7366-41B0-A9C2-E9822F35C7A4}.Release|x64.ActiveCfg = Release|x64
		{7789D564-7366-41B0-A9C2-E9822F35C7A4}.Release|x64.Build.0 = Release|x64
		{7789D564-7366-41B0-A9C2-E9822F35C7A4}.Release|x86.ActiveCfg = Release|Win32
		{7789D564-7366-41B0-A9C2-E9822F35C7A4}.Release|x86.Build.0 = Release|Win32
		{846F1BF7-3A68-415A-9EB6-001878E9F223}.Debug|x64.ActiveCfg = Debug|x64
		{846F1BF7-3A68-415A-9EB6-001878E9F223}.Debug|x64.Build.0 = Debug|x64
		{846F1BF7-3A68-415A-9EB6-001878E9F223}.Debug|x86.ActiveCfg = Debug|Win32
		{846F1BF7-3A68-415A-9EB6-001878E9F223}.Debug|x86.Build.0 = Debug|Win32
		{846F1BF7-3A68-415A-9EB6-001878E9F223}.Release|x64.ActiveCfg = Release|x64
		{846F1BF7-3A68-415A-9EB6-001878E9F223}.Release|x64.Build.0 = Release|x64
		{846F1BF7-3A68-415A-9EB6-001878E9F223}.Release|x86.ActiveCfg = Release|Win32
		{846F1BF7-3A68-415A-9EB6-001878E9F223}.Release|x86.Build.0 = Release|Win32
		{CA751126-AEBF-46FC-8CAC-D96861E8A268}.Debug|x64.ActiveCfg = Debug|x64
		{CA751126-AEBF-46FC-8CAC-D96861E8A268}.Debug|x64.Build.0 = Debug|x64
		{CA751126-AEBF-46FC-8CAC-D96861E8A268}.Debug|x86.ActiveCfg = Debug|Win32
		{CA751126-AEBF-46FC-8CAC-D96861E8A268}.Debug|x86.Build.0 = Debug|Win32
		{CA751126-AEBF-46FC-8CAC-D96861E8A268}.Release|x64.ActiveCfg = Release|x64
		{CA751126-AEBF-46FC-8CAC-D96861E8A268}.Release|x64.Build.0 = Release|x64
		{CA751126-AEBF-46FC-8CAC-D96861E8A268}.Release|x86.ActiveCfg = Release|Win32
		{CA751126-AEBF-46FC-8CAC-D96861E8A268}.Release|x86.Build.0 = Release|Win32
		{4BAE1177-5827-4BE3-9DDA-5A107432B1F3}.Debug|x64.ActiveCfg = Debug|x64
		{4BAE1177-5827-4BE3-9DDA-5A107432B1F3}.Debug|x64.Build.0 = Debug|x64
		{4BAE1177-5827-4BE3-9DDA-5A107432B1F3}.Debug|x86.ActiveCfg = Debug|Win32
		{4BAE1177-5827-4BE3-9DDA-5A107432B1F3}.Debug|x86.Build.0 = Debug|Win32
		{4BAE1177-5827-4BE3-9DDA-5A107432B1F3}.Release|x64.ActiveCfg = Release|x64
		{4BAE1177-5827-4BE3-9DDA-5A107432B1F3}.Release|x64.Build.0 = Release|x64
		{4BAE1177-5827-4BE3-9DDA-5A107432B1F3}.Release|x86.ActiveCfg = Release|Win32
		{4BAE1177-5827-4BE3-9DDA-5A107432B1F3}.Release|x86.Build.0 = Release|Win32
		{48F94B7B-3F89-4987-8AA8-4C500287217D}.Debug|x64.ActiveCfg = Debug|x64
		{48F94B7B-3F89-4987-8AA8-4C500287217D}.Debug|x64.Build.0 = Debug|x64
		{48F94B7B-3F89-4987-8AA8-4C500287217D}.Debug|x86.ActiveCfg = Debug|Win32
		{48F94B7B-3F89-4987-8AA8-4C500287217D}.Debug|x86.Build.0 = Debug|Win32
		{48F94B7B-3F89-4987-8AA8-4C500287217D}.Release|x64.ActiveCfg = Release|x64
		{48F94B7B-3F89-4987-8AA8-4C500287217D}.Release|x64.Build.0 = Release|x64
		{48F94B7B-3F89-4987-8AA8-4C500287217D}.Release|x86.ActiveCfg = Release|Win32
		{48F94B7B-3F89-4987-8AA8-4C500287217D}.Release|x86.Build.0 = Release|Win32
		{68271685-4BE4-4DD4-ABF1-C448D74B1AF4}.Debug|x64.ActiveCfg = Debug|x64
		{68271685-4BE4-4DD4-ABF1-C448D74B1AF4}.Debug|x64.Build.0 = Debug|x64
		{68271685-4BE4-4DD4-ABF1-C448D74B1AF4}.Debug|x86.ActiveCfg = Debug|Win32
		{68271685-4BE4-4DD4-ABF1-C448D74B1AF4}.Debug|x86.Build.0 = Debug|Win32
		{68271685-4BE4-4DD4-ABF1-C448D74B1AF4}.Release|x64.ActiveCfg = Release|x64
		{68271685-4BE4-4DD4-ABF1-C448D74B1AF4}.Release|x64.Build.0 = Release|x64
		{68271685-4BE4-4DD4-ABF1-C448D74B1AF4}.Release|x86.ActiveCfg = Release|Win32
		{68271685-4BE4-4DD4-ABF1-C448D74B1AF4}.Release|x86.Build.0 = Release|Win32
		{6288091E-20CF-4FC8-A683-39DF80839792}.Debug|x64.ActiveCfg = Debug|x64
		{6288091E-20CF-4FC8-A683-39DF80839792}.Debug|x64.Build.0 = Debug|x64
		{6288091E-20CF-4FC8-A683-39DF80839792}.Debug|x86.ActiveCfg = Debug|Win32
		{6288091E-20CF-4FC8-A683-39DF80839792}.Debug|x86.Build.0 = Debug|Win32
		{6288091E-20CF-4FC8-A683-39DF80839792}.Release|x64.ActiveCfg = Release|x64
		{6288091E-20CF-4FC8-A683-39DF80839792}.Release|x64.Build.0 = Release|x64
		{6288091E-20CF-4FC8-A683-39DF80839792}.Release|x86.ActiveCfg = Release|Win32
		{6288091E-20CF-4FC8-A683-39DF80839792}.Release|x86.Build.0 = Release|Win32
		{458038D2-41F5-45DE-BCC8-4CD9466F06A6}.Debug|x64.ActiveCfg = Debug|x64
		{458038D2-41F5-45DE-BCC8-4CD9466F06A6}.Debug|x64.Build.0 = Debug|x64
		{458038D2-41F5-45DE-BCC8-4CD9466F06A6}.Debug|x86.ActiveCfg = Debug|Win32
		{458038D2-41F5-45DE-BCC8-4CD9466F06A6}.Debug|x86.Build.0 = Debug|Win32
		{458038D2-41F5-45DE-BCC8-4CD9466F06A6}.Release|x64.ActiveCfg = Release|x64
		{458038D2-41F5-45DE-BCC8-4CD9466F06A6}.Release|x64.Build.0 = Release|x64
		{458038D2-41F5-45DE-BCC8-4CD9466F06A6}.Release|x86.ActiveCfg = Release|Win32
		{458038D2-41F5-45DE-BCC8-4CD9466F06A6}.Release|x86.Build.0 = Release|Win32
		{EF481003-BABD-4CF3-A0F4-E4A4E093B554}.Debug|x64.ActiveCfg = Debug|x64
		{EF481003-BABD-4CF3-A0F4-E4A4E093B554}.Debug|x64.Build.0 = Debug|x64
		{EF481003-BABD-4CF3-A0F4-E4A4E093B554}.Debug|x86.ActiveCfg = Debug|Win32
		{EF481003-BABD-4CF3-A0F4-E4A4E093B554}.Debug|x86.Build.0 = Debug|Win32
		{EF481003-BABD-4CF3-A0F4-E4A4E093B554}.Release|x64.ActiveCfg = Release|x64
		{EF481003-BABD-4CF3-A0F4-E4A4E093B554}.Release|x64.Build.0 = Release|x64
		{EF481003-BABD-4CF3-A0F4-E4A4E093B554}.Release|x86.ActiveCfg = Release|Win32
		{EF481003-BABD-4CF3-A0F4-E4A4E093B554}.Release|x86.Build.0 = Release|Win32
		{9B480590-A793-45A0-B30D-9995F81C0BBA}.Debug|x64.ActiveCfg = Debug|x64
		{9B480590-A793-45A0-B30D-9995F81C0BBA}.Debug|x64.Build.0 = Debug|x64
		{9B480590-A793-45A0-B30D-9995F81C0BBA}.Debug|x86.ActiveCfg = Debug|Win32
		{9B480590-A793-45A0-B30D-9995F81C0BBA}.Debug|x86.Build.0 = Debug|Win32
		{9B480590-A793-45A0-B30D-9995F81C0BBA}.Release|x64.ActiveCfg = Release|x64
		{9B480590-A793-45A0-B30D-9995F81C0BBA}.Release|x64.Build.0 = Release|x64
		{9B480590-A793-45A0-B30D-9995F81C0BBA}.Release|x86.ActiveCfg = Release|Win32
		{9B480590-A793-45A0-B30D-9995F81C0BBA}.Release|x86.Build.0 = Release|Win32
		{1CEEB692-825E-4224-8A03-44F153F16AD5}.Debug|x64.ActiveCfg = Debug|x64
		{1CEEB692-825E-4224-8A03-44F153F16AD5}.Debug|x64.Build.0 = Debug|x64
		{1CEEB692-825E-4224-8A03-44F153F16AD5}.Debug|x86.ActiveCfg = Debug|Win32
		{1CEEB692-825E-4224-8A03-44F153F16AD5}.Debug|x86.Build.0 = Debug|Win32
		{1CEEB692-825E-4224-8A03-44F153F16AD5}.Release|x64.ActiveCfg = Release|x64
		{1CEEB692-825E-4224-8A03-44F153F16AD5}.Release|x64.Build.0 = Release|x64
		{1CEEB692-825E-4224-8A03-44F153F16AD5}.Release|x86.ActiveCfg = Release|Win32
		{1CEEB692-825E-4224-8A03-44F153F16AD5}.Release|x86.Build.0 = Release|Win32
		{92340A46-E2BD-42D9-9EE9-D598A8B74C9D}.Debug|x64.ActiveCfg = Debug|x64
		{92340A46-E2BD-42D9-9EE9-D598A8B74C9D}.Debug|x64.Build.0 = Debug|x64
		{92340A46-E2BD-42D9-9EE9-D598A8B74C9D}.Debug|x86.ActiveCfg = Debug|Win32
		{92340A46-E2BD-42D9-9EE9-D598A8B74C9D}.Debug|x86.Build.0 = Debug|Win32
		{92340A46-E2BD-42D9-9EE9-D598A8B74C9D}.Release|x64.ActiveCfg = Release|x64
		{92340A46-E2BD-42D9-9EE9-D598A8B74C9D}.Release|x64.Build.0 = Release|x64
		{92340A46-E2BD-42D9-9EE9-D598A8B74C9D}.Release|x86.ActiveCfg = Release|Win32
		{92340A46-E2BD-42D9-9EE9-D598A8B74C9D}.Release|x86.Build.0 = Release|Win32
		{28DC7B32-6128-4EF0-B844-3468DDDAA3B2}.Debug|x64.ActiveCfg = Debug|x64
		{28DC7B32-6128-4EF0-B844-3468DDDAA3B2}.Debug|x64.Build.0 = Debug|x64
		{28DC7B32-6128-4EF0-B844-3468DDDAA3B2}.Debug|x86.ActiveCfg = Debug|Win32
		{28DC7B32-6128-4EF0-B844-3468DDDAA3B2}.Debug|x86.Build.0 = Debug|Win32
		{28DC7B32-6128-4EF0-B844-3468DDDAA3B2}.Release|x64.ActiveCfg = Release|x64
		{28DC7B32-6128-4EF0-B844-3468DDDAA3B2}.Release|x64.Build.0 = Release|x64
		{28DC7B32-6128-4EF0-B844-3468DDDAA3B2}.Release|x86.ActiveCfg = Release|Win32
		{28DC7B32-6128-4EF0-B844-3468DDDAA3B2}.Release|x86.Build.0 = Release|Win32
		{BFBBD772-6771-4DA0-8818-1FCAEFE4D048}.Debug|x64.ActiveCfg = Debug|x64
		{BFBBD772-6771-4DA0-8818-1FCAEFE4D048}.Debug|x64.Build.0 = Debug|x64
		{BFBBD772-6771-4DA0-8818-1FCAEFE4D048}.Debug|x86.ActiveCfg = Debug|Win32
		{BFBBD772-6771-4DA0-8818-1FCAEFE4D048}.Debug|x86.Build.0 = Debug|Win32
		{BFBBD772-6771-4DA0-8818-1FCAEFE4D048}.Release|x64.ActiveCfg = Release|x64
		{BFBBD772-6771-4DA0-8818-1FCAEFE4D048}.Release|x64.Build.0 = Release|x64
		{BFBBD772-6771-4DA0-8818-1FCAEFE4D048}.Release|x86.ActiveCfg = Release|Win32
		{BFBBD772-6771-4DA0-8818-1FCAEFE4D048}.Release|x86.Build.0 = Release|Win32
		{3DAD1D3B-BF95-4C11-B813-B8F978F83584}.Debug|x64.ActiveCfg = Debug|x64
		{3DAD1D3B-BF95-4C11-B813-B8F978F83584}.Debug|x64.Build.0 = Debug|x64
		{3DAD1D3B-BF95-4C11-B813-B8F978F83584}.Debug|x86.ActiveCfg = Debug|Win32
		{3DAD1D3B-BF95-4C11-B813-B8F978F83584}.Debug|x86.Build.0 = Debug|Win32
		{3DAD1D3B-BF95-4C11-B813-B8F978F83584}.Release|x64.ActiveCfg = Release|x64
		{3DAD1D3B-BF95-4C11-B813-B8F978F83584}.Release|x64.Build.0 = Release|x64
		{3DAD1D3B-BF95-4C11-B813-B8F978F83584}.Release|x86.ActiveCfg = Release|Win32
		{3DAD1D3B-BF95-4C11-B813-B8F978F83584}.Release|x86.Build.0 = Release|Win32
		{688DD911-EBD6-4223-A7BA-41F9F8776846}.Debug|x64.ActiveCfg = Debug|x64
		{688DD911-EBD6-4223-A7BA-41F9F8776846}.Debug|x64.Build.0 = Debug|x64
		{688DD911-EBD6-4223-A7BA-41F9F8776846}.Debug|x86.ActiveCfg = Debug|Win32
		{688DD911-EBD6-4223-A7BA-41F9F8776846}.Debug|x86.Build.0 = Debug|Win32
		{688DD911-EBD6-4223-A7BA-41F9F8776846}.Release|x64.ActiveCfg = Release|x64
		{688DD911-EBD6-4223-A7BA-41F9F8776846}.Release|x64.Build.0 = Release|x64
		{688DD911-EBD6-4223-A7BA-41F9F8776846}.Release|x86.ActiveCfg = Release|Win32
		{688DD911-EBD6-4223-A7BA-41F9F8776846}.Release|x86.Build.0 = Release|Win32
		{8F989CD1-BB53-48A3-AA33-2885FD2900D5}.Debug|x64.ActiveCfg = Debug|x64
		{8F989CD1-BB53-48A3-AA33-2885FD2900D5}.Debug|x64.Build.0 = Debug|x64
		{8F989CD1-BB53-48A3-AA33-2885FD2900D5}.Debug|x86.ActiveCfg = Debug|Win32
		{8F989CD1-BB53-48A3-AA33-2885FD2900D5}.Debug|x86.Build.0 = Debug|Win32
		{8F989CD1-BB53-48A3-AA33-2885FD2900D5}.Release|x64.ActiveCfg = Release|x64
		{8F989CD1-BB53-48A3-AA33-2885FD2900D5}.Release|x64.Build.0 = Release|x64
		{8F989CD1-BB53-48A3-AA33-2885FD2900D5}.Release|x86.ActiveCfg = Release|Win32
		{8F989CD1-BB53-48A3-AA33-2885FD2900D5}.Release|x86.Build.0 = Release|Win32
		{0750ECEA-2C23-4BCA-823B-F177378B6CB5}.Debug|x64.ActiveCfg = Debug|x64
		{0750ECEA-2C23-4BCA-823B-F177378B6CB5}.Debug|x64.Build.0 = Debug|x64
		{0750ECEA-2C23-4BCA-823B-F177378B6CB5}.Debug|x86.ActiveCfg = Debug|Win32
		{0750ECEA-2C23-4BCA-823B-F177378B6CB5}.Debug|x86.Build.0 = Debug|Win32
		{0750ECEA-2C23-4BCA-823B-F177378B6CB5}.Release|x64.ActiveCfg = Release|x64
		{0750ECEA-2C23-4BCA-823B-F177378B6CB5}.Release|x64.Build.0 = Release|x64
		{0750ECEA-2C23-4BCA-823B-F177378B6CB5}.Release|x86.ActiveCfg = Release|Win32
		{0750ECEA-2C23-4BCA-823B-F177378B6CB5}.Release|x86.Build.0 = Release|Win32
		{EE21E89B-0DBC-48A1-9FE6-FDC99FF88523}.Debug|x64.ActiveCfg = Debug|x64
		{EE21E89B-0DBC-48A1-9FE6-FDC99FF88523}.Debug|x64.Build.0 = Debug|x64
		{EE21E89B-0DBC-48A1-9FE6-FDC99FF88523}.Debug|x86.ActiveCfg = Debug|Win32
		{EE21E89B-0DBC-48A1-9FE6-FDC99FF88523}.Debug|x86.Build.0 = Debug|Win32
		{EE21E89B-0DBC-48A1-9FE6-FDC99FF88523}.Release|x64.ActiveCfg = Release|x64
		{EE21E89B-0DBC-48A1-9FE6-FDC99FF88523}.Release|x64.Build.0 = Release|x64
		{EE21E89B-0DBC-48A1-9FE6-FDC99FF88523}.Release|x86.ActiveCfg = Release|Win32
		{EE21E89B-0DBC-48A1-9FE6-FDC99FF88523}.Release|x86.Build.0 = Release|Win32
		{D9F28D07-F16C-425E-B119-1A5236E4B234}.Debug|x64.ActiveCfg = Debug|x64
		{D9F28D07-F16C-425E-B119-1A5236E4B234}.Debug|x64.Build.0 = Debug|x64
		{D9F28D07-F16C-425E-B119-1A5236E4B234}.Debug|x86.ActiveCfg = Debug|Win32
		{D9F28D07-F16C-425E-B119-1A5236E4B234}.Debug|x86.Build.0 = Debug|Win32
		{D9F28D07-F16C-425E-B119-1A5236E4B234}.Release|x64.ActiveCfg = Release|x64
		{D9F28D07-F16C-425E-B119-1A5236E4B234}.Release|x64.Build.0 = Release|x64
		{D9F28D07-F16C-425E-B119-1A5236E4B234}.Release|x86.ActiveCfg = Release|Win32
		{D9F28D07-F16C-425E-B119-1A5236E4B234}.Release|x86.Build.0 = Release|Win32
		{87EE3379-2D3B-460F-9FBB-D82A92150C76}.Debug|x64.ActiveCfg = Debug|x64
		{87EE3379-2D3B-460F-9FBB-D82A92150C76}.Debug|x64.Build.0 = Debug|x64
		{87EE3379-2D3B-460F-9FBB-D82A92150C76}.Debug|x86.ActiveCfg = Debug|Win32
		{87EE3379-2D3B-460F-9FBB-D82A92150C76}.Debug|x86.Build.0 = Debug|Win32
		{87EE3379-2D3B-460F-9FBB-D82A92150C76}.Release|x64.ActiveCfg = Release|x64
		{87EE3379-2D3B-460F-9FBB-D82A92150C76}.Release|x64.Build.0 = Release|x64
		{87EE3379-2D3B-460F-9FBB-D82A92150C76}.Release|x86.ActiveCfg = Release|Win32
		{87EE3379-2D3B-460F-9FBB-D82A92150C76}.Release|x86.Build.0 = Release|Win32
		{5F06FE32-762F-45BE-B912-EEB654455726}.Debug|x64.ActiveCfg = Debug|x64
		{5F06FE32-762F-45BE-B912-EEB654455726}.Debug|x64.Build.0 = Debug|x64
		{5F06FE32-762F-45BE-B912-EEB654455726}.Debug|x86.ActiveCfg = Debug|Win32
		{5F06FE32-762F-45BE-B912-EEB654455726}.Debug|x86.Build.0 = Debug|Win32
		{5F06FE32-762F-45BE-B912-EEB654455726}.Release|x64.ActiveCfg = Release|x64
		{5F06FE32-762F-45BE-B912-EEB654455726}.Release|x64.Build.0 = Release|x64
		{5F06FE32-762F-45BE-B912-EEB654455726}.Release|x86.ActiveCfg = Release|Win32
		{5F06FE32-762F-45BE-B912-EEB654455726}.Release|x86.Build.0 = Release|Win32
		{5BF02E60-D517-4B32-8B10-1569BB8871A2}.Debug|x64.ActiveCfg = Debug|x64
		{5BF02E60-D517-4B32-8B10-1569BB8871A2}.Debug|x64.Build.0 = Debug|x64
		{5BF02E60-D517-4B32-8B10-1569BB8871A2}.Debug|x86.ActiveCfg = Debug|Win32
		{5BF02E60-D517-4B32-8B10-1569BB8871A2}.Debug|x86.Build.0 = Debug|Win32
		{5BF02E60-D517-4B32-8B10-1569BB8871A2}.Release|x64.ActiveCfg = Release|x64
		{5BF02E60-D517-4B32-8B10-1569BB8871A2}.Release|x64.Build.0 = Release|x64
		{5BF02E60-D517-4B32-8B10-1569BB8871A2}.Release|x86.ActiveCfg = Release|Win32
		{5BF02E60-D517-4B32-8B10-1569BB8871A2}.Release|x86.Build.0 = Release|Win32
	EndGlobalSection
	GlobalSection(SolutionProperties) = preSolution
		HideSolutionNode = FALSE
	EndGlobalSection
EndGlobal
