
Microsoft Visual Studio Solution File, Format Version 12.00
# Visual Studio 14
VisualStudioVersion = 14.0.23107.0
MinimumVisualStudioVersion = 10.0.40219.1
Project("{8BC9CEB8-8B4A-11D0-8D11-00A0C91BC942}") = "Ride", "Ride\Ride.vcxproj", "{1D2E7734-4D6B-42B5-B7C1-E819DCEE0F1D}"
EndProject
Project("{8BC9CEB8-8B4A-11D0-8D11-00A0C91BC942}") = "GreedyGiftGivers", "GreedyGiftGivers\GreedyGiftGivers.vcxproj", "{5E8C4965-56DD-48E6-89A8-A786C5694430}"
EndProject
Project("{8BC9CEB8-8B4A-11D0-8D11-00A0C91BC942}") = "FridayThirteenth", "FridayThirteenth\FridayThirteenth.vcxproj", "{2475AFF9-0D3A-4273-842C-5336BF8F41FF}"
EndProject
Project("{8BC9CEB8-8B4A-11D0-8D11-00A0C91BC942}") = "FencePainting", "FencePainting\FencePainting.vcxproj", "{D6131BF9-4703-431D-A233-0C9CC40E6F50}"
EndProject
Project("{8BC9CEB8-8B4A-11D0-8D11-00A0C91BC942}") = "PromotionCounting", "PromotionCounting\PromotionCounting.vcxproj", "{1B36AF95-A0DE-4C3C-B7B8-4BEFBA5DFF6A}"
EndProject
Project("{8BC9CEB8-8B4A-11D0-8D11-00A0C91BC942}") = "MilkPails", "MilkPails\MilkPails.vcxproj", "{717C65F8-9411-4BAC-9ED9-7502B6CF0173}"
EndProject
Project("{8BC9CEB8-8B4A-11D0-8D11-00A0C91BC942}") = "SortNames", "SortNames\SortNames.vcxproj", "{C9E9A94F-3B2E-45CF-AD7E-0910A4FAB770}"
EndProject
Project("{8BC9CEB8-8B4A-11D0-8D11-00A0C91BC942}") = "DiamondCollector", "DiamondCollector\DiamondCollector.vcxproj", "{C6099B9C-FABE-47E4-AFF0-FA0197FAC71E}"
EndProject
Project("{8BC9CEB8-8B4A-11D0-8D11-00A0C91BC942}") = "SpeedingTicket", "SpeedingTicket\SpeedingTicket.vcxproj", "{FB807E8B-3240-4785-9468-E3E208782ED2}"
EndProject
Project("{8BC9CEB8-8B4A-11D0-8D11-00A0C91BC942}") = "AngryCows", "AngryCows\AngryCows.vcxproj", "{C713E821-039A-4D5F-81A1-FE19BEB8C7E3}"
EndProject
Project("{8BC9CEB8-8B4A-11D0-8D11-00A0C91BC942}") = "SuperBrainQuest1", "SuperBrainQuest1\SuperBrainQuest1.vcxproj", "{B5F72B3B-AD8E-45C8-B868-0DE7497EBE8D}"
EndProject
Project("{8BC9CEB8-8B4A-11D0-8D11-00A0C91BC942}") = "Circular Barn", "Circular Barn\Circular Barn.vcxproj", "{87CFB968-767F-408F-94D5-46853ED0C33D}"
EndProject
Project("{8BC9CEB8-8B4A-11D0-8D11-00A0C91BC942}") = "ContaminatedMilk", "ContaminatedMilk\ContaminatedMilk.vcxproj", "{65CBA901-88A6-4A42-B357-CF9189E4DEF3}"
EndProject
Project("{8BC9CEB8-8B4A-11D0-8D11-00A0C91BC942}") = "UnorderedMap", "UnorderedMap\UnorderedMap.vcxproj", "{44A1D3DB-FD81-4A5B-BC47-A2673DE058AB}"
EndProject
Project("{8BC9CEB8-8B4A-11D0-8D11-00A0C91BC942}") = "MowingTheField", "MowingTheField\MowingTheField.vcxproj", "{EA1A8071-7BA3-45B4-A9C0-80D2ED6F5048}"
EndProject
Project("{8BC9CEB8-8B4A-11D0-8D11-00A0C91BC942}") = "LoadBalancing", "LoadBalancing\LoadBalancing.vcxproj", "{15A15B3F-4EBA-44DA-A20F-3B3395DC646F}"
EndProject
Project("{8BC9CEB8-8B4A-11D0-8D11-00A0C91BC942}") = "LoadBalancingSilverPlatinum", "LoadBalancingSilverPlatinum\LoadBalancingSilverPlatinum.vcxproj", "{FBA55E8B-25A3-452C-947D-70B42F22018C}"
EndProject
Project("{8BC9CEB8-8B4A-11D0-8D11-00A0C91BC942}") = "BrokenNecklace", "BrokenNecklace\BrokenNecklace.vcxproj", "{CAE5DBB4-CAED-4B1E-91A5-946073D21499}"
EndProject
Project("{8BC9CEB8-8B4A-11D0-8D11-00A0C91BC942}") = "MilkingCows", "MilkingCows\MilkingCows.vcxproj", "{1E70303F-BBFD-4324-B169-0C0AE9095704}"
EndProject
Project("{8BC9CEB8-8B4A-11D0-8D11-00A0C91BC942}") = "Transformations", "Transformations\Transformations.vcxproj", "{9DA61A13-B5E6-4978-B570-70FC6EBB3F94}"
EndProject
Project("{8BC9CEB8-8B4A-11D0-8D11-00A0C91BC942}") = "BullInAChinaShop", "BullInAChinaShop\BullInAChinaShop.vcxproj", "{E75D50E4-4E25-4CF1-A39B-9FF16D89E46B}"
EndProject
Project("{8BC9CEB8-8B4A-11D0-8D11-00A0C91BC942}") = "FieldReduction", "FieldReduction\FieldReduction.vcxproj", "{63766D81-9610-448E-8897-A52AB408906E}"
EndProject
Global
	GlobalSection(SolutionConfigurationPlatforms) = preSolution
		Debug|x64 = Debug|x64
		Debug|x86 = Debug|x86
		Release|x64 = Release|x64
		Release|x86 = Release|x86
	EndGlobalSection
	GlobalSection(ProjectConfigurationPlatforms) = postSolution
		{1D2E7734-4D6B-42B5-B7C1-E819DCEE0F1D}.Debug|x64.ActiveCfg = Debug|x64
		{1D2E7734-4D6B-42B5-B7C1-E819DCEE0F1D}.Debug|x64.Build.0 = Debug|x64
		{1D2E7734-4D6B-42B5-B7C1-E819DCEE0F1D}.Debug|x86.ActiveCfg = Debug|Win32
		{1D2E7734-4D6B-42B5-B7C1-E819DCEE0F1D}.Debug|x86.Build.0 = Debug|Win32
		{1D2E7734-4D6B-42B5-B7C1-E819DCEE0F1D}.Release|x64.ActiveCfg = Release|x64
		{1D2E7734-4D6B-42B5-B7C1-E819DCEE0F1D}.Release|x64.Build.0 = Release|x64
		{1D2E7734-4D6B-42B5-B7C1-E819DCEE0F1D}.Release|x86.ActiveCfg = Release|Win32
		{1D2E7734-4D6B-42B5-B7C1-E819DCEE0F1D}.Release|x86.Build.0 = Release|Win32
		{5E8C4965-56DD-48E6-89A8-A786C5694430}.Debug|x64.ActiveCfg = Debug|x64
		{5E8C4965-56DD-48E6-89A8-A786C5694430}.Debug|x64.Build.0 = Debug|x64
		{5E8C4965-56DD-48E6-89A8-A786C5694430}.Debug|x86.ActiveCfg = Debug|Win32
		{5E8C4965-56DD-48E6-89A8-A786C5694430}.Debug|x86.Build.0 = Debug|Win32
		{5E8C4965-56DD-48E6-89A8-A786C5694430}.Release|x64.ActiveCfg = Release|x64
		{5E8C4965-56DD-48E6-89A8-A786C5694430}.Release|x64.Build.0 = Release|x64
		{5E8C4965-56DD-48E6-89A8-A786C5694430}.Release|x86.ActiveCfg = Release|Win32
		{5E8C4965-56DD-48E6-89A8-A786C5694430}.Release|x86.Build.0 = Release|Win32
		{2475AFF9-0D3A-4273-842C-5336BF8F41FF}.Debug|x64.ActiveCfg = Debug|x64
		{2475AFF9-0D3A-4273-842C-5336BF8F41FF}.Debug|x64.Build.0 = Debug|x64
		{2475AFF9-0D3A-4273-842C-5336BF8F41FF}.Debug|x86.ActiveCfg = Debug|Win32
		{2475AFF9-0D3A-4273-842C-5336BF8F41FF}.Debug|x86.Build.0 = Debug|Win32
		{2475AFF9-0D3A-4273-842C-5336BF8F41FF}.Release|x64.ActiveCfg = Release|x64
		{2475AFF9-0D3A-4273-842C-5336BF8F41FF}.Release|x64.Build.0 = Release|x64
		{2475AFF9-0D3A-4273-842C-5336BF8F41FF}.Release|x86.ActiveCfg = Release|Win32
		{2475AFF9-0D3A-4273-842C-5336BF8F41FF}.Release|x86.Build.0 = Release|Win32
		{D6131BF9-4703-431D-A233-0C9CC40E6F50}.Debug|x64.ActiveCfg = Debug|x64
		{D6131BF9-4703-431D-A233-0C9CC40E6F50}.Debug|x64.Build.0 = Debug|x64
		{D6131BF9-4703-431D-A233-0C9CC40E6F50}.Debug|x86.ActiveCfg = Debug|Win32
		{D6131BF9-4703-431D-A233-0C9CC40E6F50}.Debug|x86.Build.0 = Debug|Win32
		{D6131BF9-4703-431D-A233-0C9CC40E6F50}.Release|x64.ActiveCfg = Release|x64
		{D6131BF9-4703-431D-A233-0C9CC40E6F50}.Release|x64.Build.0 = Release|x64
		{D6131BF9-4703-431D-A233-0C9CC40E6F50}.Release|x86.ActiveCfg = Release|Win32
		{D6131BF9-4703-431D-A233-0C9CC40E6F50}.Release|x86.Build.0 = Release|Win32
		{1B36AF95-A0DE-4C3C-B7B8-4BEFBA5DFF6A}.Debug|x64.ActiveCfg = Debug|x64
		{1B36AF95-A0DE-4C3C-B7B8-4BEFBA5DFF6A}.Debug|x64.Build.0 = Debug|x64
		{1B36AF95-A0DE-4C3C-B7B8-4BEFBA5DFF6A}.Debug|x86.ActiveCfg = Debug|Win32
		{1B36AF95-A0DE-4C3C-B7B8-4BEFBA5DFF6A}.Debug|x86.Build.0 = Debug|Win32
		{1B36AF95-A0DE-4C3C-B7B8-4BEFBA5DFF6A}.Release|x64.ActiveCfg = Release|x64
		{1B36AF95-A0DE-4C3C-B7B8-4BEFBA5DFF6A}.Release|x64.Build.0 = Release|x64
		{1B36AF95-A0DE-4C3C-B7B8-4BEFBA5DFF6A}.Release|x86.ActiveCfg = Release|Win32
		{1B36AF95-A0DE-4C3C-B7B8-4BEFBA5DFF6A}.Release|x86.Build.0 = Release|Win32
		{717C65F8-9411-4BAC-9ED9-7502B6CF0173}.Debug|x64.ActiveCfg = Debug|x64
		{717C65F8-9411-4BAC-9ED9-7502B6CF0173}.Debug|x64.Build.0 = Debug|x64
		{717C65F8-9411-4BAC-9ED9-7502B6CF0173}.Debug|x86.ActiveCfg = Debug|Win32
		{717C65F8-9411-4BAC-9ED9-7502B6CF0173}.Debug|x86.Build.0 = Debug|Win32
		{717C65F8-9411-4BAC-9ED9-7502B6CF0173}.Release|x64.ActiveCfg = Release|x64
		{717C65F8-9411-4BAC-9ED9-7502B6CF0173}.Release|x64.Build.0 = Release|x64
		{717C65F8-9411-4BAC-9ED9-7502B6CF0173}.Release|x86.ActiveCfg = Release|Win32
		{717C65F8-9411-4BAC-9ED9-7502B6CF0173}.Release|x86.Build.0 = Release|Win32
		{C9E9A94F-3B2E-45CF-AD7E-0910A4FAB770}.Debug|x64.ActiveCfg = Debug|x64
		{C9E9A94F-3B2E-45CF-AD7E-0910A4FAB770}.Debug|x64.Build.0 = Debug|x64
		{C9E9A94F-3B2E-45CF-AD7E-0910A4FAB770}.Debug|x86.ActiveCfg = Debug|Win32
		{C9E9A94F-3B2E-45CF-AD7E-0910A4FAB770}.Debug|x86.Build.0 = Debug|Win32
		{C9E9A94F-3B2E-45CF-AD7E-0910A4FAB770}.Release|x64.ActiveCfg = Release|x64
		{C9E9A94F-3B2E-45CF-AD7E-0910A4FAB770}.Release|x64.Build.0 = Release|x64
		{C9E9A94F-3B2E-45CF-AD7E-0910A4FAB770}.Release|x86.ActiveCfg = Release|Win32
		{C9E9A94F-3B2E-45CF-AD7E-0910A4FAB770}.Release|x86.Build.0 = Release|Win32
		{C6099B9C-FABE-47E4-AFF0-FA0197FAC71E}.Debug|x64.ActiveCfg = Debug|x64
		{C6099B9C-FABE-47E4-AFF0-FA0197FAC71E}.Debug|x64.Build.0 = Debug|x64
		{C6099B9C-FABE-47E4-AFF0-FA0197FAC71E}.Debug|x86.ActiveCfg = Debug|Win32
		{C6099B9C-FABE-47E4-AFF0-FA0197FAC71E}.Debug|x86.Build.0 = Debug|Win32
		{C6099B9C-FABE-47E4-AFF0-FA0197FAC71E}.Release|x64.ActiveCfg = Release|x64
		{C6099B9C-FABE-47E4-AFF0-FA0197FAC71E}.Release|x64.Build.0 = Release|x64
		{C6099B9C-FABE-47E4-AFF0-FA0197FAC71E}.Release|x86.ActiveCfg = Release|Win32
		{C6099B9C-FABE-47E4-AFF0-FA0197FAC71E}.Release|x86.Build.0 = Release|Win32
		{FB807E8B-3240-4785-9468-E3E208782ED2}.Debug|x64.ActiveCfg = Debug|x64
		{FB807E8B-3240-4785-9468-E3E208782ED2}.Debug|x64.Build.0 = Debug|x64
		{FB807E8B-3240-4785-9468-E3E208782ED2}.Debug|x86.ActiveCfg = Debug|Win32
		{FB807E8B-3240-4785-9468-E3E208782ED2}.Debug|x86.Build.0 = Debug|Win32
		{FB807E8B-3240-4785-9468-E3E208782ED2}.Release|x64.ActiveCfg = Release|x64
		{FB807E8B-3240-4785-9468-E3E208782ED2}.Release|x64.Build.0 = Release|x64
		{FB807E8B-3240-4785-9468-E3E208782ED2}.Release|x86.ActiveCfg = Release|Win32
		{FB807E8B-3240-4785-9468-E3E208782ED2}.Release|x86.Build.0 = Release|Win32
		{C713E821-039A-4D5F-81A1-FE19BEB8C7E3}.Debug|x64.ActiveCfg = Debug|x64
		{C713E821-039A-4D5F-81A1-FE19BEB8C7E3}.Debug|x64.Build.0 = Debug|x64
		{C713E821-039A-4D5F-81A1-FE19BEB8C7E3}.Debug|x86.ActiveCfg = Debug|Win32
		{C713E821-039A-4D5F-81A1-FE19BEB8C7E3}.Debug|x86.Build.0 = Debug|Win32
		{C713E821-039A-4D5F-81A1-FE19BEB8C7E3}.Release|x64.ActiveCfg = Release|x64
		{C713E821-039A-4D5F-81A1-FE19BEB8C7E3}.Release|x64.Build.0 = Release|x64
		{C713E821-039A-4D5F-81A1-FE19BEB8C7E3}.Release|x86.ActiveCfg = Release|Win32
		{C713E821-039A-4D5F-81A1-FE19BEB8C7E3}.Release|x86.Build.0 = Release|Win32
		{B5F72B3B-AD8E-45C8-B868-0DE7497EBE8D}.Debug|x64.ActiveCfg = Debug|x64
		{B5F72B3B-AD8E-45C8-B868-0DE7497EBE8D}.Debug|x64.Build.0 = Debug|x64
		{B5F72B3B-AD8E-45C8-B868-0DE7497EBE8D}.Debug|x86.ActiveCfg = Debug|Win32
		{B5F72B3B-AD8E-45C8-B868-0DE7497EBE8D}.Debug|x86.Build.0 = Debug|Win32
		{B5F72B3B-AD8E-45C8-B868-0DE7497EBE8D}.Release|x64.ActiveCfg = Release|x64
		{B5F72B3B-AD8E-45C8-B868-0DE7497EBE8D}.Release|x64.Build.0 = Release|x64
		{B5F72B3B-AD8E-45C8-B868-0DE7497EBE8D}.Release|x86.ActiveCfg = Release|Win32
		{B5F72B3B-AD8E-45C8-B868-0DE7497EBE8D}.Release|x86.Build.0 = Release|Win32
		{87CFB968-767F-408F-94D5-46853ED0C33D}.Debug|x64.ActiveCfg = Debug|x64
		{87CFB968-767F-408F-94D5-46853ED0C33D}.Debug|x64.Build.0 = Debug|x64
		{87CFB968-767F-408F-94D5-46853ED0C33D}.Debug|x86.ActiveCfg = Debug|Win32
		{87CFB968-767F-408F-94D5-46853ED0C33D}.Debug|x86.Build.0 = Debug|Win32
		{87CFB968-767F-408F-94D5-46853ED0C33D}.Release|x64.ActiveCfg = Release|x64
		{87CFB968-767F-408F-94D5-46853ED0C33D}.Release|x64.Build.0 = Release|x64
		{87CFB968-767F-408F-94D5-46853ED0C33D}.Release|x86.ActiveCfg = Release|Win32
		{87CFB968-767F-408F-94D5-46853ED0C33D}.Release|x86.Build.0 = Release|Win32
		{65CBA901-88A6-4A42-B357-CF9189E4DEF3}.Debug|x64.ActiveCfg = Debug|x64
		{65CBA901-88A6-4A42-B357-CF9189E4DEF3}.Debug|x64.Build.0 = Debug|x64
		{65CBA901-88A6-4A42-B357-CF9189E4DEF3}.Debug|x86.ActiveCfg = Debug|Win32
		{65CBA901-88A6-4A42-B357-CF9189E4DEF3}.Debug|x86.Build.0 = Debug|Win32
		{65CBA901-88A6-4A42-B357-CF9189E4DEF3}.Release|x64.ActiveCfg = Release|x64
		{65CBA901-88A6-4A42-B357-CF9189E4DEF3}.Release|x64.Build.0 = Release|x64
		{65CBA901-88A6-4A42-B357-CF9189E4DEF3}.Release|x86.ActiveCfg = Release|Win32
		{65CBA901-88A6-4A42-B357-CF9189E4DEF3}.Release|x86.Build.0 = Release|Win32
		{44A1D3DB-FD81-4A5B-BC47-A2673DE058AB}.Debug|x64.ActiveCfg = Debug|x64
		{44A1D3DB-FD81-4A5B-BC47-A2673DE058AB}.Debug|x64.Build.0 = Debug|x64
		{44A1D3DB-FD81-4A5B-BC47-A2673DE058AB}.Debug|x86.ActiveCfg = Debug|Win32
		{44A1D3DB-FD81-4A5B-BC47-A2673DE058AB}.Debug|x86.Build.0 = Debug|Win32
		{44A1D3DB-FD81-4A5B-BC47-A2673DE058AB}.Release|x64.ActiveCfg = Release|x64
		{44A1D3DB-FD81-4A5B-BC47-A2673DE058AB}.Release|x64.Build.0 = Release|x64
		{44A1D3DB-FD81-4A5B-BC47-A2673DE058AB}.Release|x86.ActiveCfg = Release|Win32
		{44A1D3DB-FD81-4A5B-BC47-A2673DE058AB}.Release|x86.Build.0 = Release|Win32
		{EA1A8071-7BA3-45B4-A9C0-80D2ED6F5048}.Debug|x64.ActiveCfg = Debug|x64
		{EA1A8071-7BA3-45B4-A9C0-80D2ED6F5048}.Debug|x64.Build.0 = Debug|x64
		{EA1A8071-7BA3-45B4-A9C0-80D2ED6F5048}.Debug|x86.ActiveCfg = Debug|Win32
		{EA1A8071-7BA3-45B4-A9C0-80D2ED6F5048}.Debug|x86.Build.0 = Debug|Win32
		{EA1A8071-7BA3-45B4-A9C0-80D2ED6F5048}.Release|x64.ActiveCfg = Release|x64
		{EA1A8071-7BA3-45B4-A9C0-80D2ED6F5048}.Release|x64.Build.0 = Release|x64
		{EA1A8071-7BA3-45B4-A9C0-80D2ED6F5048}.Release|x86.ActiveCfg = Release|Win32
		{EA1A8071-7BA3-45B4-A9C0-80D2ED6F5048}.Release|x86.Build.0 = Release|Win32
		{15A15B3F-4EBA-44DA-A20F-3B3395DC646F}.Debug|x64.ActiveCfg = Debug|x64
		{15A15B3F-4EBA-44DA-A20F-3B3395DC646F}.Debug|x64.Build.0 = Debug|x64
		{15A15B3F-4EBA-44DA-A20F-3B3395DC646F}.Debug|x86.ActiveCfg = Debug|Win32
		{15A15B3F-4EBA-44DA-A20F-3B3395DC646F}.Debug|x86.Build.0 = Debug|Win32
		{15A15B3F-4EBA-44DA-A20F-3B3395DC646F}.Release|x64.ActiveCfg = Release|x64
		{15A15B3F-4EBA-44DA-A20F-3B3395DC646F}.Release|x64.Build.0 = Release|x64
		{15A15B3F-4EBA-44DA-A20F-3B3395DC646F}.Release|x86.ActiveCfg = Release|Win32
		{15A15B3F-4EBA-44DA-A20F-3B3395DC646F}.Release|x86.Build.0 = Release|Win32
		{FBA55E8B-25A3-452C-947D-70B42F22018C}.Debug|x64.ActiveCfg = Debug|x64
		{FBA55E8B-25A3-452C-947D-70B42F22018C}.Debug|x64.Build.0 = Debug|x64
		{FBA55E8B-25A3-452C-947D-70B42F22018C}.Debug|x86.ActiveCfg = Debug|Win32
		{FBA55E8B-25A3-452C-947D-70B42F22018C}.Debug|x86.Build.0 = Debug|Win32
		{FBA55E8B-25A3-452C-947D-70B42F22018C}.Release|x64.ActiveCfg = Release|x64
		{FBA55E8B-25A3-452C-947D-70B42F22018C}.Release|x64.Build.0 = Release|x64
		{FBA55E8B-25A3-452C-947D-70B42F22018C}.Release|x86.ActiveCfg = Release|Win32
		{FBA55E8B-25A3-452C-947D-70B42F22018C}.Release|x86.Build.0 = Release|Win32
		{CAE5DBB4-CAED-4B1E-91A5-946073D21499}.Debug|x64.ActiveCfg = Debug|x64
		{CAE5DBB4-CAED-4B1E-91A5-946073D21499}.Debug|x64.Build.0 = Debug|x64
		{CAE5DBB4-CAED-4B1E-91A5-946073D21499}.Debug|x86.ActiveCfg = Debug|Win32
		{CAE5DBB4-CAED-4B1E-91A5-946073D21499}.Debug|x86.Build.0 = Debug|Win32
		{CAE5DBB4-CAED-4B1E-91A5-946073D21499}.Release|x64.ActiveCfg = Release|x64
		{CAE5DBB4-CAED-4B1E-91A5-946073D21499}.Release|x64.Build.0 = Release|x64
		{CAE5DBB4-CAED-4B1E-91A5-946073D21499}.Release|x86.ActiveCfg = Release|Win32
		{CAE5DBB4-CAED-4B1E-91A5-946073D21499}.Release|x86.Build.0 = Release|Win32
		{1E70303F-BBFD-4324-B169-0C0AE9095704}.Debug|x64.ActiveCfg = Debug|x64
		{1E70303F-BBFD-4324-B169-0C0AE9095704}.Debug|x64.Build.0 = Debug|x64
		{1E70303F-BBFD-4324-B169-0C0AE9095704}.Debug|x86.ActiveCfg = Debug|Win32
		{1E70303F-BBFD-4324-B169-0C0AE9095704}.Debug|x86.Build.0 = Debug|Win32
		{1E70303F-BBFD-4324-B169-0C0AE9095704}.Release|x64.ActiveCfg = Release|x64
		{1E70303F-BBFD-4324-B169-0C0AE9095704}.Release|x64.Build.0 = Release|x64
		{1E70303F-BBFD-4324-B169-0C0AE9095704}.Release|x86.ActiveCfg = Release|Win32
		{1E70303F-BBFD-4324-B169-0C0AE9095704}.Release|x86.Build.0 = Release|Win32
		{9DA61A13-B5E6-4978-B570-70FC6EBB3F94}.Debug|x64.ActiveCfg = Debug|x64
		{9DA61A13-B5E6-4978-B570-70FC6EBB3F94}.Debug|x64.Build.0 = Debug|x64
		{9DA61A13-B5E6-4978-B570-70FC6EBB3F94}.Debug|x86.ActiveCfg = Debug|Win32
		{9DA61A13-B5E6-4978-B570-70FC6EBB3F94}.Debug|x86.Build.0 = Debug|Win32
		{9DA61A13-B5E6-4978-B570-70FC6EBB3F94}.Release|x64.ActiveCfg = Release|x64
		{9DA61A13-B5E6-4978-B570-70FC6EBB3F94}.Release|x64.Build.0 = Release|x64
		{9DA61A13-B5E6-4978-B570-70FC6EBB3F94}.Release|x86.ActiveCfg = Release|Win32
		{9DA61A13-B5E6-4978-B570-70FC6EBB3F94}.Release|x86.Build.0 = Release|Win32
		{E75D50E4-4E25-4CF1-A39B-9FF16D89E46B}.Debug|x64.ActiveCfg = Debug|x64
		{E75D50E4-4E25-4CF1-A39B-9FF16D89E46B}.Debug|x64.Build.0 = Debug|x64
		{E75D50E4-4E25-4CF1-A39B-9FF16D89E46B}.Debug|x86.ActiveCfg = Debug|Win32
		{E75D50E4-4E25-4CF1-A39B-9FF16D89E46B}.Debug|x86.Build.0 = Debug|Win32
		{E75D50E4-4E25-4CF1-A39B-9FF16D89E46B}.Release|x64.ActiveCfg = Release|x64
		{E75D50E4-4E25-4CF1-A39B-9FF16D89E46B}.Release|x64.Build.0 = Release|x64
		{E75D50E4-4E25-4CF1-A39B-9FF16D89E46B}.Release|x86.ActiveCfg = Release|Win32
		{E75D50E4-4E25-4CF1-A39B-9FF16D89E46B}.Release|x86.Build.0 = Release|Win32
		{63766D81-9610-448E-8897-A52AB408906E}.Debug|x64.ActiveCfg = Debug|x64
		{63766D81-9610-448E-8897-A52AB408906E}.Debug|x64.Build.0 = Debug|x64
		{63766D81-9610-448E-8897-A52AB408906E}.Debug|x86.ActiveCfg = Debug|Win32
		{63766D81-9610-448E-8897-A52AB408906E}.Debug|x86.Build.0 = Debug|Win32
		{63766D81-9610-448E-8897-A52AB408906E}.Release|x64.ActiveCfg = Release|x64
		{63766D81-9610-448E-8897-A52AB408906E}.Release|x64.Build.0 = Release|x64
		{63766D81-9610-448E-8897-A52AB408906E}.Release|x86.ActiveCfg = Release|Win32
		{63766D81-9610-448E-8897-A52AB408906E}.Release|x86.Build.0 = Release|Win32
	EndGlobalSection
	GlobalSection(SolutionProperties) = preSolution
		HideSolutionNode = FALSE
	EndGlobalSection
EndGlobal
